// !$*UTF8*$!
{
	archiveVersion = 1;
	classes = {
	};
	objectVersion = 50;
	objects = {

/* Begin PBXBuildFile section */
		524871832123194800076ACD /* main.cpp in Sources */ = {isa = PBXBuildFile; fileRef = 524871822123194800076ACD /* main.cpp */; };
		5248718E2123216E00076ACD /* main.cpp in Sources */ = {isa = PBXBuildFile; fileRef = 5248718D2123216E00076ACD /* main.cpp */; };
		524871992123230B00076ACD /* main.cpp in Sources */ = {isa = PBXBuildFile; fileRef = 524871982123230B00076ACD /* main.cpp */; };
		52C0EE09211B40EC00B41490 /* main.cpp in Sources */ = {isa = PBXBuildFile; fileRef = 52C0EE08211B40EC00B41490 /* main.cpp */; };
/* End PBXBuildFile section */

/* Begin PBXCopyFilesBuildPhase section */
		5248717E2123194800076ACD /* CopyFiles */ = {
			isa = PBXCopyFilesBuildPhase;
			buildActionMask = 2147483647;
			dstPath = /usr/share/man/man1/;
			dstSubfolderSpec = 0;
			files = (
			);
			runOnlyForDeploymentPostprocessing = 1;
		};
		524871892123216E00076ACD /* CopyFiles */ = {
			isa = PBXCopyFilesBuildPhase;
			buildActionMask = 2147483647;
			dstPath = /usr/share/man/man1/;
			dstSubfolderSpec = 0;
			files = (
			);
			runOnlyForDeploymentPostprocessing = 1;
		};
		524871942123230B00076ACD /* CopyFiles */ = {
			isa = PBXCopyFilesBuildPhase;
			buildActionMask = 2147483647;
			dstPath = /usr/share/man/man1/;
			dstSubfolderSpec = 0;
			files = (
			);
			runOnlyForDeploymentPostprocessing = 1;
		};
		52C0EE03211B40EC00B41490 /* CopyFiles */ = {
			isa = PBXCopyFilesBuildPhase;
			buildActionMask = 2147483647;
			dstPath = /usr/share/man/man1/;
			dstSubfolderSpec = 0;
			files = (
			);
			runOnlyForDeploymentPostprocessing = 1;
		};
/* End PBXCopyFilesBuildPhase section */

/* Begin PBXFileReference section */
		524871802123194800076ACD /* 002_IoStream */ = {isa = PBXFileReference; explicitFileType = "compiled.mach-o.executable"; includeInIndex = 0; path = 002_IoStream; sourceTree = BUILT_PRODUCTS_DIR; };
		524871822123194800076ACD /* main.cpp */ = {isa = PBXFileReference; lastKnownFileType = sourcecode.cpp.cpp; path = main.cpp; sourceTree = "<group>"; };
		5248718B2123216E00076ACD /* 003_While */ = {isa = PBXFileReference; explicitFileType = "compiled.mach-o.executable"; includeInIndex = 0; path = 003_While; sourceTree = BUILT_PRODUCTS_DIR; };
		5248718D2123216E00076ACD /* main.cpp */ = {isa = PBXFileReference; lastKnownFileType = sourcecode.cpp.cpp; path = main.cpp; sourceTree = "<group>"; };
		524871962123230B00076ACD /* 004_For */ = {isa = PBXFileReference; explicitFileType = "compiled.mach-o.executable"; includeInIndex = 0; path = 004_For; sourceTree = BUILT_PRODUCTS_DIR; };
		524871982123230B00076ACD /* main.cpp */ = {isa = PBXFileReference; lastKnownFileType = sourcecode.cpp.cpp; path = main.cpp; sourceTree = "<group>"; };
		52C0EE05211B40EC00B41490 /* 001_HelloWork */ = {isa = PBXFileReference; explicitFileType = "compiled.mach-o.executable"; includeInIndex = 0; path = 001_HelloWork; sourceTree = BUILT_PRODUCTS_DIR; };
		52C0EE08211B40EC00B41490 /* main.cpp */ = {isa = PBXFileReference; lastKnownFileType = sourcecode.cpp.cpp; path = main.cpp; sourceTree = "<group>"; };
/* End PBXFileReference section */

/* Begin PBXFrameworksBuildPhase section */
		5248717D2123194800076ACD /* Frameworks */ = {
			isa = PBXFrameworksBuildPhase;
			buildActionMask = 2147483647;
			files = (
			);
			runOnlyForDeploymentPostprocessing = 0;
		};
		524871882123216E00076ACD /* Frameworks */ = {
			isa = PBXFrameworksBuildPhase;
			buildActionMask = 2147483647;
			files = (
			);
			runOnlyForDeploymentPostprocessing = 0;
		};
		524871932123230B00076ACD /* Frameworks */ = {
			isa = PBXFrameworksBuildPhase;
			buildActionMask = 2147483647;
			files = (
			);
			runOnlyForDeploymentPostprocessing = 0;
		};
		52C0EE02211B40EC00B41490 /* Frameworks */ = {
			isa = PBXFrameworksBuildPhase;
			buildActionMask = 2147483647;
			files = (
			);
			runOnlyForDeploymentPostprocessing = 0;
		};
/* End PBXFrameworksBuildPhase section */

/* Begin PBXGroup section */
		524871812123194800076ACD /* 002_IoStream */ = {
			isa = PBXGroup;
			children = (
				524871822123194800076ACD /* main.cpp */,
			);
			path = 002_IoStream;
			sourceTree = "<group>";
		};
		5248718C2123216E00076ACD /* 003_While */ = {
			isa = PBXGroup;
			children = (
				5248718D2123216E00076ACD /* main.cpp */,
			);
			path = 003_While;
			sourceTree = "<group>";
		};
		524871972123230B00076ACD /* 004_For */ = {
			isa = PBXGroup;
			children = (
				524871982123230B00076ACD /* main.cpp */,
			);
			path = 004_For;
			sourceTree = "<group>";
		};
		52C0EDFC211B40EC00B41490 = {
			isa = PBXGroup;
			children = (
				52C0EE07211B40EC00B41490 /* 001_HelloWork */,
				524871812123194800076ACD /* 002_IoStream */,
				5248718C2123216E00076ACD /* 003_While */,
				524871972123230B00076ACD /* 004_For */,
				52C0EE06211B40EC00B41490 /* Products */,
			);
			sourceTree = "<group>";
		};
		52C0EE06211B40EC00B41490 /* Products */ = {
			isa = PBXGroup;
			children = (
				52C0EE05211B40EC00B41490 /* 001_HelloWork */,
				524871802123194800076ACD /* 002_IoStream */,
				5248718B2123216E00076ACD /* 003_While */,
				524871962123230B00076ACD /* 004_For */,
			);
			name = Products;
			sourceTree = "<group>";
		};
		52C0EE07211B40EC00B41490 /* 001_HelloWork */ = {
			isa = PBXGroup;
			children = (
				52C0EE08211B40EC00B41490 /* main.cpp */,
			);
			path = 001_HelloWork;
			sourceTree = "<group>";
		};
/* End PBXGroup section */

/* Begin PBXNativeTarget section */
		5248717F2123194800076ACD /* 002_IoStream */ = {
			isa = PBXNativeTarget;
			buildConfigurationList = 524871862123194800076ACD /* Build configuration list for PBXNativeTarget "002_IoStream" */;
			buildPhases = (
				5248717C2123194800076ACD /* Sources */,
				5248717D2123194800076ACD /* Frameworks */,
				5248717E2123194800076ACD /* CopyFiles */,
			);
			buildRules = (
			);
			dependencies = (
			);
			name = 002_IoStream;
			productName = 002_IoStream;
			productReference = 524871802123194800076ACD /* 002_IoStream */;
			productType = "com.apple.product-type.tool";
		};
		5248718A2123216E00076ACD /* 003_While */ = {
			isa = PBXNativeTarget;
			buildConfigurationList = 5248718F2123216E00076ACD /* Build configuration list for PBXNativeTarget "003_While" */;
			buildPhases = (
				524871872123216E00076ACD /* Sources */,
				524871882123216E00076ACD /* Frameworks */,
				524871892123216E00076ACD /* CopyFiles */,
			);
			buildRules = (
			);
			dependencies = (
			);
			name = 003_While;
			productName = 003_While;
			productReference = 5248718B2123216E00076ACD /* 003_While */;
			productType = "com.apple.product-type.tool";
		};
		524871952123230B00076ACD /* 004_For */ = {
			isa = PBXNativeTarget;
			buildConfigurationList = 5248719A2123230B00076ACD /* Build configuration list for PBXNativeTarget "004_For" */;
			buildPhases = (
				524871922123230B00076ACD /* Sources */,
				524871932123230B00076ACD /* Frameworks */,
				524871942123230B00076ACD /* CopyFiles */,
			);
			buildRules = (
			);
			dependencies = (
			);
			name = 004_For;
			productName = 004_For;
			productReference = 524871962123230B00076ACD /* 004_For */;
			productType = "com.apple.product-type.tool";
		};
		52C0EE04211B40EC00B41490 /* 001_HelloWork */ = {
			isa = PBXNativeTarget;
			buildConfigurationList = 52C0EE0C211B40EC00B41490 /* Build configuration list for PBXNativeTarget "001_HelloWork" */;
			buildPhases = (
				52C0EE01211B40EC00B41490 /* Sources */,
				52C0EE02211B40EC00B41490 /* Frameworks */,
				52C0EE03211B40EC00B41490 /* CopyFiles */,
			);
			buildRules = (
			);
			dependencies = (
			);
			name = 001_HelloWork;
			productName = 001_HelloWork;
			productReference = 52C0EE05211B40EC00B41490 /* 001_HelloWork */;
			productType = "com.apple.product-type.tool";
		};
/* End PBXNativeTarget section */

/* Begin PBXProject section */
		52C0EDFD211B40EC00B41490 /* Project object */ = {
			isa = PBXProject;
			attributes = {
				LastUpgradeCheck = 0940;
				ORGANIZATIONNAME = "C++";
				TargetAttributes = {
					5248717F2123194800076ACD = {
						CreatedOnToolsVersion = 9.4.1;
					};
					5248718A2123216E00076ACD = {
						CreatedOnToolsVersion = 9.4.1;
					};
					524871952123230B00076ACD = {
						CreatedOnToolsVersion = 9.4.1;
					};
					52C0EE04211B40EC00B41490 = {
						CreatedOnToolsVersion = 9.4.1;
					};
				};
			};
			buildConfigurationList = 52C0EE00211B40EC00B41490 /* Build configuration list for PBXProject "C_Primer" */;
			compatibilityVersion = "Xcode 9.3";
			developmentRegion = en;
			hasScannedForEncodings = 0;
			knownRegions = (
				en,
			);
			mainGroup = 52C0EDFC211B40EC00B41490;
			productRefGroup = 52C0EE06211B40EC00B41490 /* Products */;
			projectDirPath = "";
			projectRoot = "";
			targets = (
				52C0EE04211B40EC00B41490 /* 001_HelloWork */,
				5248717F2123194800076ACD /* 002_IoStream */,
				5248718A2123216E00076ACD /* 003_While */,
				524871952123230B00076ACD /* 004_For */,
			);
		};
/* End PBXProject section */

/* Begin PBXSourcesBuildPhase section */
		5248717C2123194800076ACD /* Sources */ = {
			isa = PBXSourcesBuildPhase;
			buildActionMask = 2147483647;
			files = (
				524871832123194800076ACD /* main.cpp in Sources */,
			);
			runOnlyForDeploymentPostprocessing = 0;
		};
		524871872123216E00076ACD /* Sources */ = {
			isa = PBXSourcesBuildPhase;
			buildActionMask = 2147483647;
			files = (
				5248718E2123216E00076ACD /* main.cpp in Sources */,
			);
			runOnlyForDeploymentPostprocessing = 0;
		};
		524871922123230B00076ACD /* Sources */ = {
			isa = PBXSourcesBuildPhase;
			buildActionMask = 2147483647;
			files = (
				524871992123230B00076ACD /* main.cpp in Sources */,
			);
			runOnlyForDeploymentPostprocessing = 0;
		};
		52C0EE01211B40EC00B41490 /* Sources */ = {
			isa = PBXSourcesBuildPhase;
			buildActionMask = 2147483647;
			files = (
				52C0EE09211B40EC00B41490 /* main.cpp in Sources */,
			);
			runOnlyForDeploymentPostprocessing = 0;
		};
/* End PBXSourcesBuildPhase section */

/* Begin XCBuildConfiguration section */
		524871842123194800076ACD /* Debug */ = {
			isa = XCBuildConfiguration;
			buildSettings = {
				CODE_SIGN_STYLE = Automatic;
				DEVELOPMENT_TEAM = JH28QR844Q;
				PRODUCT_NAME = "$(TARGET_NAME)";
			};
			name = Debug;
		};
		524871852123194800076ACD /* Release */ = {
			isa = XCBuildConfiguration;
			buildSettings = {
				CODE_SIGN_STYLE = Automatic;
				DEVELOPMENT_TEAM = JH28QR844Q;
				PRODUCT_NAME = "$(TARGET_NAME)";
			};
			name = Release;
		};
		524871902123216E00076ACD /* Debug */ = {
			isa = XCBuildConfiguration;
			buildSettings = {
				CODE_SIGN_STYLE = Automatic;
				DEVELOPMENT_TEAM = JH28QR844Q;
				PRODUCT_NAME = "$(TARGET_NAME)";
			};
			name = Debug;
		};
		524871912123216E00076ACD /* Release */ = {
			isa = XCBuildConfiguration;
			buildSettings = {
				CODE_SIGN_STYLE = Automatic;
				DEVELOPMENT_TEAM = JH28QR844Q;
				PRODUCT_NAME = "$(TARGET_NAME)";
			};
			name = Release;
		};
		5248719B2123230B00076ACD /* Debug */ = {
			isa = XCBuildConfiguration;
			buildSettings = {
				CODE_SIGN_STYLE = Automatic;
				DEVELOPMENT_TEAM = JH28QR844Q;
				PRODUCT_NAME = "$(TARGET_NAME)";
			};
			name = Debug;
		};
		5248719C2123230B00076ACD /* Release */ = {
			isa = XCBuildConfiguration;
			buildSettings = {
				CODE_SIGN_STYLE = Automatic;
				DEVELOPMENT_TEAM = JH28QR844Q;
				PRODUCT_NAME = "$(TARGET_NAME)";
			};
			name = Release;
		};
		52C0EE0A211B40EC00B41490 /* Debug */ = {
			isa = XCBuildConfiguration;
			buildSettings = {
				ALWAYS_SEARCH_USER_PATHS = NO;
				CLANG_ANALYZER_NONNULL = YES;
				CLANG_ANALYZER_NUMBER_OBJECT_CONVERSION = YES_AGGRESSIVE;
				CLANG_CXX_LANGUAGE_STANDARD = "gnu++14";
				CLANG_CXX_LIBRARY = "libc++";
				CLANG_ENABLE_MODULES = YES;
				CLANG_ENABLE_OBJC_ARC = YES;
				CLANG_ENABLE_OBJC_WEAK = YES;
				CLANG_WARN_BLOCK_CAPTURE_AUTORELEASING = YES;
				CLANG_WARN_BOOL_CONVERSION = YES;
				CLANG_WARN_COMMA = YES;
				CLANG_WARN_CONSTANT_CONVERSION = YES;
				CLANG_WARN_DEPRECATED_OBJC_IMPLEMENTATIONS = YES;
				CLANG_WARN_DIRECT_OBJC_ISA_USAGE = YES_ERROR;
				CLANG_WARN_DOCUMENTATION_COMMENTS = YES;
				CLANG_WARN_EMPTY_BODY = YES;
				CLANG_WARN_ENUM_CONVERSION = YES;
				CLANG_WARN_INFINITE_RECURSION = YES;
				CLANG_WARN_INT_CONVERSION = YES;
				CLANG_WARN_NON_LITERAL_NULL_CONVERSION = YES;
				CLANG_WARN_OBJC_IMPLICIT_RETAIN_SELF = YES;
				CLANG_WARN_OBJC_LITERAL_CONVERSION = YES;
				CLANG_WARN_OBJC_ROOT_CLASS = YES_ERROR;
				CLANG_WARN_RANGE_LOOP_ANALYSIS = YES;
				CLANG_WARN_STRICT_PROTOTYPES = YES;
				CLANG_WARN_SUSPICIOUS_MOVE = YES;
				CLANG_WARN_UNGUARDED_AVAILABILITY = YES_AGGRESSIVE;
				CLANG_WARN_UNREACHABLE_CODE = YES;
				CLANG_WARN__DUPLICATE_METHOD_MATCH = YES;
				CODE_SIGN_IDENTITY = "Mac Developer";
				COPY_PHASE_STRIP = NO;
				DEBUG_INFORMATION_FORMAT = dwarf;
				ENABLE_STRICT_OBJC_MSGSEND = YES;
				ENABLE_TESTABILITY = YES;
				GCC_C_LANGUAGE_STANDARD = gnu11;
				GCC_DYNAMIC_NO_PIC = NO;
				GCC_NO_COMMON_BLOCKS = YES;
				GCC_OPTIMIZATION_LEVEL = 0;
				GCC_PREPROCESSOR_DEFINITIONS = (
					"DEBUG=1",
					"$(inherited)",
				);
				GCC_WARN_64_TO_32_BIT_CONVERSION = YES;
				GCC_WARN_ABOUT_RETURN_TYPE = YES_ERROR;
				GCC_WARN_UNDECLARED_SELECTOR = YES;
				GCC_WARN_UNINITIALIZED_AUTOS = YES_AGGRESSIVE;
				GCC_WARN_UNUSED_FUNCTION = YES;
				GCC_WARN_UNUSED_VARIABLE = YES;
				MACOSX_DEPLOYMENT_TARGET = 10.13;
				MTL_ENABLE_DEBUG_INFO = YES;
				ONLY_ACTIVE_ARCH = YES;
				SDKROOT = macosx;
			};
			name = Debug;
		};
		52C0EE0B211B40EC00B41490 /* Release */ = {
			isa = XCBuildConfiguration;
			buildSettings = {
				ALWAYS_SEARCH_USER_PATHS = NO;
				CLANG_ANALYZER_NONNULL = YES;
				CLANG_ANALYZER_NUMBER_OBJECT_CONVERSION = YES_AGGRESSIVE;
				CLANG_CXX_LANGUAGE_STANDARD = "gnu++14";
				CLANG_CXX_LIBRARY = "libc++";
				CLANG_ENABLE_MODULES = YES;
				CLANG_ENABLE_OBJC_ARC = YES;
				CLANG_ENABLE_OBJC_WEAK = YES;
				CLANG_WARN_BLOCK_CAPTURE_AUTORELEASING = YES;
				CLANG_WARN_BOOL_CONVERSION = YES;
				CLANG_WARN_COMMA = YES;
				CLANG_WARN_CONSTANT_CONVERSION = YES;
				CLANG_WARN_DEPRECATED_OBJC_IMPLEMENTATIONS = YES;
				CLANG_WARN_DIRECT_OBJC_ISA_USAGE = YES_ERROR;
				CLANG_WARN_DOCUMENTATION_COMMENTS = YES;
				CLANG_WARN_EMPTY_BODY = YES;
				CLANG_WARN_ENUM_CONVERSION = YES;
				CLANG_WARN_INFINITE_RECURSION = YES;
				CLANG_WARN_INT_CONVERSION = YES;
				CLANG_WARN_NON_LITERAL_NULL_CONVERSION = YES;
				CLANG_WARN_OBJC_IMPLICIT_RETAIN_SELF = YES;
				CLANG_WARN_OBJC_LITERAL_CONVERSION = YES;
				CLANG_WARN_OBJC_ROOT_CLASS = YES_ERROR;
				CLANG_WARN_RANGE_LOOP_ANALYSIS = YES;
				CLANG_WARN_STRICT_PROTOTYPES = YES;
				CLANG_WARN_SUSPICIOUS_MOVE = YES;
				CLANG_WARN_UNGUARDED_AVAILABILITY = YES_AGGRESSIVE;
				CLANG_WARN_UNREACHABLE_CODE = YES;
				CLANG_WARN__DUPLICATE_METHOD_MATCH = YES;
				CODE_SIGN_IDENTITY = "Mac Developer";
				COPY_PHASE_STRIP = NO;
				DEBUG_INFORMATION_FORMAT = "dwarf-with-dsym";
				ENABLE_NS_ASSERTIONS = NO;
				ENABLE_STRICT_OBJC_MSGSEND = YES;
				GCC_C_LANGUAGE_STANDARD = gnu11;
				GCC_NO_COMMON_BLOCKS = YES;
				GCC_WARN_64_TO_32_BIT_CONVERSION = YES;
				GCC_WARN_ABOUT_RETURN_TYPE = YES_ERROR;
				GCC_WARN_UNDECLARED_SELECTOR = YES;
				GCC_WARN_UNINITIALIZED_AUTOS = YES_AGGRESSIVE;
				GCC_WARN_UNUSED_FUNCTION = YES;
				GCC_WARN_UNUSED_VARIABLE = YES;
				MACOSX_DEPLOYMENT_TARGET = 10.13;
				MTL_ENABLE_DEBUG_INFO = NO;
				SDKROOT = macosx;
			};
			name = Release;
		};
		52C0EE0D211B40EC00B41490 /* Debug */ = {
			isa = XCBuildConfiguration;
			buildSettings = {
				CODE_SIGN_STYLE = Automatic;
				DEVELOPMENT_TEAM = JH28QR844Q;
				PRODUCT_NAME = "$(TARGET_NAME)";
			};
			name = Debug;
		};
		52C0EE0E211B40EC00B41490 /* Release */ = {
			isa = XCBuildConfiguration;
			buildSettings = {
				CODE_SIGN_STYLE = Automatic;
				DEVELOPMENT_TEAM = JH28QR844Q;
				PRODUCT_NAME = "$(TARGET_NAME)";
			};
			name = Release;
		};
/* End XCBuildConfiguration section */

/* Begin XCConfigurationList section */
		524871862123194800076ACD /* Build configuration list for PBXNativeTarget "002_IoStream" */ = {
			isa = XCConfigurationList;
			buildConfigurations = (
				524871842123194800076ACD /* Debug */,
				524871852123194800076ACD /* Release */,
			);
			defaultConfigurationIsVisible = 0;
			defaultConfigurationName = Release;
		};
		5248718F2123216E00076ACD /* Build configuration list for PBXNativeTarget "003_While" */ = {
			isa = XCConfigurationList;
			buildConfigurations = (
				524871902123216E00076ACD /* Debug */,
				524871912123216E00076ACD /* Release */,
			);
			defaultConfigurationIsVisible = 0;
			defaultConfigurationName = Release;
		};
		5248719A2123230B00076ACD /* Build configuration list for PBXNativeTarget "004_For" */ = {
			isa = XCConfigurationList;
			buildConfigurations = (
				5248719B2123230B00076ACD /* Debug */,
				5248719C2123230B00076ACD /* Release */,
			);
			defaultConfigurationIsVisible = 0;
			defaultConfigurationName = Release;
		};
		52C0EE00211B40EC00B41490 /* Build configuration list for PBXProject "C_Primer" */ = {
			isa = XCConfigurationList;
			buildConfigurations = (
				52C0EE0A211B40EC00B41490 /* Debug */,
				52C0EE0B211B40EC00B41490 /* Release */,
			);
			defaultConfigurationIsVisible = 0;
			defaultConfigurationName = Release;
		};
		52C0EE0C211B40EC00B41490 /* Build configuration list for PBXNativeTarget "001_HelloWork" */ = {
			isa = XCConfigurationList;
			buildConfigurations = (
				52C0EE0D211B40EC00B41490 /* Debug */,
				52C0EE0E211B40EC00B41490 /* Release */,
			);
			defaultConfigurationIsVisible = 0;
			defaultConfigurationName = Release;
		};
/* End XCConfigurationList section */
	};
	rootObject = 52C0EDFD211B40EC00B41490 /* Project object */;
}
