// !$*UTF8*$!
{
	archiveVersion = 1;
	classes = {
	};
	objectVersion = 50;
	objects = {

/* Begin PBXBuildFile section */
		524871832123194800076ACD /* main.cpp in Sources */ = {isa = PBXBuildFile; fileRef = 524871822123194800076ACD /* main.cpp */; };
		5248718E2123216E00076ACD /* main.cpp in Sources */ = {isa = PBXBuildFile; fileRef = 5248718D2123216E00076ACD /* main.cpp */; };
		524871992123230B00076ACD /* main.cpp in Sources */ = {isa = PBXBuildFile; fileRef = 524871982123230B00076ACD /* main.cpp */; };
		524871A42123285000076ACD /* main.cpp in Sources */ = {isa = PBXBuildFile; fileRef = 524871A32123285000076ACD /* main.cpp */; };
		524871AF21232FD300076ACD /* main.cpp in Sources */ = {isa = PBXBuildFile; fileRef = 524871AE21232FD300076ACD /* main.cpp */; };
		524871BA2123325600076ACD /* main.cpp in Sources */ = {isa = PBXBuildFile; fileRef = 524871B92123325600076ACD /* main.cpp */; };
		524871D0212335C700076ACD /* main.cpp in Sources */ = {isa = PBXBuildFile; fileRef = 524871CF212335C700076ACD /* main.cpp */; };
		524871DB2123399300076ACD /* main.cpp in Sources */ = {isa = PBXBuildFile; fileRef = 524871DA2123399300076ACD /* main.cpp */; };
		52C0EE09211B40EC00B41490 /* main.cpp in Sources */ = {isa = PBXBuildFile; fileRef = 52C0EE08211B40EC00B41490 /* main.cpp */; };
		52D2C6E7213577BD0039614E /* main.cpp in Sources */ = {isa = PBXBuildFile; fileRef = 52D2C6E6213577BD0039614E /* main.cpp */; };
		52D2C6F221357B4C0039614E /* main.cpp in Sources */ = {isa = PBXBuildFile; fileRef = 52D2C6F121357B4C0039614E /* main.cpp */; };
		52D2C6FD21357C870039614E /* main.cpp in Sources */ = {isa = PBXBuildFile; fileRef = 52D2C6FC21357C870039614E /* main.cpp */; };
		52D2C70821357ECB0039614E /* main.cpp in Sources */ = {isa = PBXBuildFile; fileRef = 52D2C70721357ECB0039614E /* main.cpp */; };
		52D2C713213585400039614E /* main.cpp in Sources */ = {isa = PBXBuildFile; fileRef = 52D2C712213585400039614E /* main.cpp */; };
		52D2C71E213587880039614E /* main.cpp in Sources */ = {isa = PBXBuildFile; fileRef = 52D2C71D213587880039614E /* main.cpp */; };
		52D2C72A21358A910039614E /* main.cpp in Sources */ = {isa = PBXBuildFile; fileRef = 52D2C72921358A910039614E /* main.cpp */; };
		52D2C7352136F4EA0039614E /* main.cpp in Sources */ = {isa = PBXBuildFile; fileRef = 52D2C7342136F4EA0039614E /* main.cpp */; };
		52D2C7402136FCAD0039614E /* main.cpp in Sources */ = {isa = PBXBuildFile; fileRef = 52D2C73F2136FCAD0039614E /* main.cpp */; };
		52EBFC03212D97C200F76B10 /* main.cpp in Sources */ = {isa = PBXBuildFile; fileRef = 52EBFC02212D97C200F76B10 /* main.cpp */; };
		52EBFC0E212DA0B000F76B10 /* main.cpp in Sources */ = {isa = PBXBuildFile; fileRef = 52EBFC0D212DA0B000F76B10 /* main.cpp */; };
		52EBFC19212DA55700F76B10 /* main.cpp in Sources */ = {isa = PBXBuildFile; fileRef = 52EBFC18212DA55700F76B10 /* main.cpp */; };
		52FF3E722125CB4E0008E68A /* main.cpp in Sources */ = {isa = PBXBuildFile; fileRef = 52FF3E712125CB4E0008E68A /* main.cpp */; };
		52FF3E7D2125D8E30008E68A /* main.cpp in Sources */ = {isa = PBXBuildFile; fileRef = 52FF3E7C2125D8E30008E68A /* main.cpp */; };
		52FF3E882125DDF40008E68A /* main.cpp in Sources */ = {isa = PBXBuildFile; fileRef = 52FF3E872125DDF40008E68A /* main.cpp */; };
/* End PBXBuildFile section */

/* Begin PBXCopyFilesBuildPhase section */
		5248717E2123194800076ACD /* CopyFiles */ = {
			isa = PBXCopyFilesBuildPhase;
			buildActionMask = 2147483647;
			dstPath = /usr/share/man/man1/;
			dstSubfolderSpec = 0;
			files = (
			);
			runOnlyForDeploymentPostprocessing = 1;
		};
		524871892123216E00076ACD /* CopyFiles */ = {
			isa = PBXCopyFilesBuildPhase;
			buildActionMask = 2147483647;
			dstPath = /usr/share/man/man1/;
			dstSubfolderSpec = 0;
			files = (
			);
			runOnlyForDeploymentPostprocessing = 1;
		};
		524871942123230B00076ACD /* CopyFiles */ = {
			isa = PBXCopyFilesBuildPhase;
			buildActionMask = 2147483647;
			dstPath = /usr/share/man/man1/;
			dstSubfolderSpec = 0;
			files = (
			);
			runOnlyForDeploymentPostprocessing = 1;
		};
		5248719F2123285000076ACD /* CopyFiles */ = {
			isa = PBXCopyFilesBuildPhase;
			buildActionMask = 2147483647;
			dstPath = /usr/share/man/man1/;
			dstSubfolderSpec = 0;
			files = (
			);
			runOnlyForDeploymentPostprocessing = 1;
		};
		524871AA21232FD300076ACD /* CopyFiles */ = {
			isa = PBXCopyFilesBuildPhase;
			buildActionMask = 2147483647;
			dstPath = /usr/share/man/man1/;
			dstSubfolderSpec = 0;
			files = (
			);
			runOnlyForDeploymentPostprocessing = 1;
		};
		524871B52123325600076ACD /* CopyFiles */ = {
			isa = PBXCopyFilesBuildPhase;
			buildActionMask = 2147483647;
			dstPath = /usr/share/man/man1/;
			dstSubfolderSpec = 0;
			files = (
			);
			runOnlyForDeploymentPostprocessing = 1;
		};
		524871C02123358C00076ACD /* CopyFiles */ = {
			isa = PBXCopyFilesBuildPhase;
			buildActionMask = 2147483647;
			dstPath = /usr/share/man/man1/;
			dstSubfolderSpec = 0;
			files = (
			);
			runOnlyForDeploymentPostprocessing = 1;
		};
		524871CB212335C700076ACD /* CopyFiles */ = {
			isa = PBXCopyFilesBuildPhase;
			buildActionMask = 2147483647;
			dstPath = /usr/share/man/man1/;
			dstSubfolderSpec = 0;
			files = (
			);
			runOnlyForDeploymentPostprocessing = 1;
		};
		524871D62123399300076ACD /* CopyFiles */ = {
			isa = PBXCopyFilesBuildPhase;
			buildActionMask = 2147483647;
			dstPath = /usr/share/man/man1/;
			dstSubfolderSpec = 0;
			files = (
			);
			runOnlyForDeploymentPostprocessing = 1;
		};
		52C0EE03211B40EC00B41490 /* CopyFiles */ = {
			isa = PBXCopyFilesBuildPhase;
			buildActionMask = 2147483647;
			dstPath = /usr/share/man/man1/;
			dstSubfolderSpec = 0;
			files = (
			);
			runOnlyForDeploymentPostprocessing = 1;
		};
		52D2C6E2213577BD0039614E /* CopyFiles */ = {
			isa = PBXCopyFilesBuildPhase;
			buildActionMask = 2147483647;
			dstPath = /usr/share/man/man1/;
			dstSubfolderSpec = 0;
			files = (
			);
			runOnlyForDeploymentPostprocessing = 1;
		};
		52D2C6ED21357B4C0039614E /* CopyFiles */ = {
			isa = PBXCopyFilesBuildPhase;
			buildActionMask = 2147483647;
			dstPath = /usr/share/man/man1/;
			dstSubfolderSpec = 0;
			files = (
			);
			runOnlyForDeploymentPostprocessing = 1;
		};
		52D2C6F821357C860039614E /* CopyFiles */ = {
			isa = PBXCopyFilesBuildPhase;
			buildActionMask = 2147483647;
			dstPath = /usr/share/man/man1/;
			dstSubfolderSpec = 0;
			files = (
			);
			runOnlyForDeploymentPostprocessing = 1;
		};
		52D2C70321357ECB0039614E /* CopyFiles */ = {
			isa = PBXCopyFilesBuildPhase;
			buildActionMask = 2147483647;
			dstPath = /usr/share/man/man1/;
			dstSubfolderSpec = 0;
			files = (
			);
			runOnlyForDeploymentPostprocessing = 1;
		};
		52D2C70E213585400039614E /* CopyFiles */ = {
			isa = PBXCopyFilesBuildPhase;
			buildActionMask = 2147483647;
			dstPath = /usr/share/man/man1/;
			dstSubfolderSpec = 0;
			files = (
			);
			runOnlyForDeploymentPostprocessing = 1;
		};
		52D2C719213587880039614E /* CopyFiles */ = {
			isa = PBXCopyFilesBuildPhase;
			buildActionMask = 2147483647;
			dstPath = /usr/share/man/man1/;
			dstSubfolderSpec = 0;
			files = (
			);
			runOnlyForDeploymentPostprocessing = 1;
		};
		52D2C72521358A910039614E /* CopyFiles */ = {
			isa = PBXCopyFilesBuildPhase;
			buildActionMask = 2147483647;
			dstPath = /usr/share/man/man1/;
			dstSubfolderSpec = 0;
			files = (
			);
			runOnlyForDeploymentPostprocessing = 1;
		};
		52D2C7302136F4EA0039614E /* CopyFiles */ = {
			isa = PBXCopyFilesBuildPhase;
			buildActionMask = 2147483647;
			dstPath = /usr/share/man/man1/;
			dstSubfolderSpec = 0;
			files = (
			);
			runOnlyForDeploymentPostprocessing = 1;
		};
		52D2C73B2136FCAD0039614E /* CopyFiles */ = {
			isa = PBXCopyFilesBuildPhase;
			buildActionMask = 2147483647;
			dstPath = /usr/share/man/man1/;
			dstSubfolderSpec = 0;
			files = (
			);
			runOnlyForDeploymentPostprocessing = 1;
		};
		52EBFBFE212D97C200F76B10 /* CopyFiles */ = {
			isa = PBXCopyFilesBuildPhase;
			buildActionMask = 2147483647;
			dstPath = /usr/share/man/man1/;
			dstSubfolderSpec = 0;
			files = (
			);
			runOnlyForDeploymentPostprocessing = 1;
		};
		52EBFC09212DA0B000F76B10 /* CopyFiles */ = {
			isa = PBXCopyFilesBuildPhase;
			buildActionMask = 2147483647;
			dstPath = /usr/share/man/man1/;
			dstSubfolderSpec = 0;
			files = (
			);
			runOnlyForDeploymentPostprocessing = 1;
		};
		52EBFC14212DA55700F76B10 /* CopyFiles */ = {
			isa = PBXCopyFilesBuildPhase;
			buildActionMask = 2147483647;
			dstPath = /usr/share/man/man1/;
			dstSubfolderSpec = 0;
			files = (
			);
			runOnlyForDeploymentPostprocessing = 1;
		};
		52FF3E6D2125CB4E0008E68A /* CopyFiles */ = {
			isa = PBXCopyFilesBuildPhase;
			buildActionMask = 2147483647;
			dstPath = /usr/share/man/man1/;
			dstSubfolderSpec = 0;
			files = (
			);
			runOnlyForDeploymentPostprocessing = 1;
		};
		52FF3E782125D8E30008E68A /* CopyFiles */ = {
			isa = PBXCopyFilesBuildPhase;
			buildActionMask = 2147483647;
			dstPath = /usr/share/man/man1/;
			dstSubfolderSpec = 0;
			files = (
			);
			runOnlyForDeploymentPostprocessing = 1;
		};
		52FF3E832125DDF40008E68A /* CopyFiles */ = {
			isa = PBXCopyFilesBuildPhase;
			buildActionMask = 2147483647;
			dstPath = /usr/share/man/man1/;
			dstSubfolderSpec = 0;
			files = (
			);
			runOnlyForDeploymentPostprocessing = 1;
		};
/* End PBXCopyFilesBuildPhase section */

/* Begin PBXFileReference section */
		524871802123194800076ACD /* 002_IoStream */ = {isa = PBXFileReference; explicitFileType = "compiled.mach-o.executable"; includeInIndex = 0; path = 002_IoStream; sourceTree = BUILT_PRODUCTS_DIR; };
		524871822123194800076ACD /* main.cpp */ = {isa = PBXFileReference; lastKnownFileType = sourcecode.cpp.cpp; path = main.cpp; sourceTree = "<group>"; };
		5248718B2123216E00076ACD /* 003_While */ = {isa = PBXFileReference; explicitFileType = "compiled.mach-o.executable"; includeInIndex = 0; path = 003_While; sourceTree = BUILT_PRODUCTS_DIR; };
		5248718D2123216E00076ACD /* main.cpp */ = {isa = PBXFileReference; lastKnownFileType = sourcecode.cpp.cpp; path = main.cpp; sourceTree = "<group>"; };
		524871962123230B00076ACD /* 004_For */ = {isa = PBXFileReference; explicitFileType = "compiled.mach-o.executable"; includeInIndex = 0; path = 004_For; sourceTree = BUILT_PRODUCTS_DIR; };
		524871982123230B00076ACD /* main.cpp */ = {isa = PBXFileReference; lastKnownFileType = sourcecode.cpp.cpp; path = main.cpp; sourceTree = "<group>"; };
		524871A12123285000076ACD /* 005_If */ = {isa = PBXFileReference; explicitFileType = "compiled.mach-o.executable"; includeInIndex = 0; path = 005_If; sourceTree = BUILT_PRODUCTS_DIR; };
		524871A32123285000076ACD /* main.cpp */ = {isa = PBXFileReference; lastKnownFileType = sourcecode.cpp.cpp; path = main.cpp; sourceTree = "<group>"; };
		524871AC21232FD300076ACD /* 006_Pointer */ = {isa = PBXFileReference; explicitFileType = "compiled.mach-o.executable"; includeInIndex = 0; path = 006_Pointer; sourceTree = BUILT_PRODUCTS_DIR; };
		524871AE21232FD300076ACD /* main.cpp */ = {isa = PBXFileReference; lastKnownFileType = sourcecode.cpp.cpp; path = main.cpp; sourceTree = "<group>"; };
		524871B72123325600076ACD /* 007_Const */ = {isa = PBXFileReference; explicitFileType = "compiled.mach-o.executable"; includeInIndex = 0; path = 007_Const; sourceTree = BUILT_PRODUCTS_DIR; };
		524871B92123325600076ACD /* main.cpp */ = {isa = PBXFileReference; lastKnownFileType = sourcecode.cpp.cpp; path = main.cpp; sourceTree = "<group>"; };
		524871C22123358C00076ACD /* 008——object 008_object 008_Object */ = {isa = PBXFileReference; explicitFileType = "compiled.mach-o.executable"; includeInIndex = 0; path = "008——object 008_object 008_Object"; sourceTree = BUILT_PRODUCTS_DIR; };
		524871CD212335C700076ACD /* 008_Object */ = {isa = PBXFileReference; explicitFileType = "compiled.mach-o.executable"; includeInIndex = 0; path = 008_Object; sourceTree = BUILT_PRODUCTS_DIR; };
		524871CF212335C700076ACD /* main.cpp */ = {isa = PBXFileReference; lastKnownFileType = sourcecode.cpp.cpp; path = main.cpp; sourceTree = "<group>"; };
		524871D82123399300076ACD /* 009_NameSpace */ = {isa = PBXFileReference; explicitFileType = "compiled.mach-o.executable"; includeInIndex = 0; path = 009_NameSpace; sourceTree = BUILT_PRODUCTS_DIR; };
		524871DA2123399300076ACD /* main.cpp */ = {isa = PBXFileReference; lastKnownFileType = sourcecode.cpp.cpp; path = main.cpp; sourceTree = "<group>"; };
		52C0EE05211B40EC00B41490 /* 001_HelloWork */ = {isa = PBXFileReference; explicitFileType = "compiled.mach-o.executable"; includeInIndex = 0; path = 001_HelloWork; sourceTree = BUILT_PRODUCTS_DIR; };
		52C0EE08211B40EC00B41490 /* main.cpp */ = {isa = PBXFileReference; lastKnownFileType = sourcecode.cpp.cpp; path = main.cpp; sourceTree = "<group>"; };
		52D2C6E4213577BD0039614E /* 016_While */ = {isa = PBXFileReference; explicitFileType = "compiled.mach-o.executable"; includeInIndex = 0; path = 016_While; sourceTree = BUILT_PRODUCTS_DIR; };
		52D2C6E6213577BD0039614E /* main.cpp */ = {isa = PBXFileReference; lastKnownFileType = sourcecode.cpp.cpp; path = main.cpp; sourceTree = "<group>"; };
		52D2C6EF21357B4C0039614E /* 017_Switch */ = {isa = PBXFileReference; explicitFileType = "compiled.mach-o.executable"; includeInIndex = 0; path = 017_Switch; sourceTree = BUILT_PRODUCTS_DIR; };
		52D2C6F121357B4C0039614E /* main.cpp */ = {isa = PBXFileReference; lastKnownFileType = sourcecode.cpp.cpp; path = main.cpp; sourceTree = "<group>"; };
		52D2C6FA21357C860039614E /* 018_DoWhile */ = {isa = PBXFileReference; explicitFileType = "compiled.mach-o.executable"; includeInIndex = 0; path = 018_DoWhile; sourceTree = BUILT_PRODUCTS_DIR; };
		52D2C6FC21357C870039614E /* main.cpp */ = {isa = PBXFileReference; lastKnownFileType = sourcecode.cpp.cpp; path = main.cpp; sourceTree = "<group>"; };
		52D2C70521357ECB0039614E /* 019_FuncBase */ = {isa = PBXFileReference; explicitFileType = "compiled.mach-o.executable"; includeInIndex = 0; path = 019_FuncBase; sourceTree = BUILT_PRODUCTS_DIR; };
		52D2C70721357ECB0039614E /* main.cpp */ = {isa = PBXFileReference; lastKnownFileType = sourcecode.cpp.cpp; path = main.cpp; sourceTree = "<group>"; };
		52D2C710213585400039614E /* 020_LocalStaticObjects */ = {isa = PBXFileReference; explicitFileType = "compiled.mach-o.executable"; includeInIndex = 0; path = 020_LocalStaticObjects; sourceTree = BUILT_PRODUCTS_DIR; };
		52D2C712213585400039614E /* main.cpp */ = {isa = PBXFileReference; lastKnownFileType = sourcecode.cpp.cpp; path = main.cpp; sourceTree = "<group>"; };
		52D2C71B213587880039614E /* 021_EparateCompilation */ = {isa = PBXFileReference; explicitFileType = "compiled.mach-o.executable"; includeInIndex = 0; path = 021_EparateCompilation; sourceTree = BUILT_PRODUCTS_DIR; };
		52D2C71D213587880039614E /* main.cpp */ = {isa = PBXFileReference; lastKnownFileType = sourcecode.cpp.cpp; path = main.cpp; sourceTree = "<group>"; };
		52D2C722213587E20039614E /* EparateCompilationHead.h */ = {isa = PBXFileReference; lastKnownFileType = sourcecode.c.h; path = EparateCompilationHead.h; sourceTree = "<group>"; };
		52D2C72721358A910039614E /* 022_PassByValueParameter */ = {isa = PBXFileReference; explicitFileType = "compiled.mach-o.executable"; includeInIndex = 0; path = 022_PassByValueParameter; sourceTree = BUILT_PRODUCTS_DIR; };
		52D2C72921358A910039614E /* main.cpp */ = {isa = PBXFileReference; lastKnownFileType = sourcecode.cpp.cpp; path = main.cpp; sourceTree = "<group>"; };
		52D2C7322136F4EA0039614E /* 023_ReferenceParameter */ = {isa = PBXFileReference; explicitFileType = "compiled.mach-o.executable"; includeInIndex = 0; path = 023_ReferenceParameter; sourceTree = BUILT_PRODUCTS_DIR; };
		52D2C7342136F4EA0039614E /* main.cpp */ = {isa = PBXFileReference; lastKnownFileType = sourcecode.cpp.cpp; path = main.cpp; sourceTree = "<group>"; };
		52D2C73D2136FCAD0039614E /* 024_Const(XingCanShiCan) */ = {isa = PBXFileReference; explicitFileType = "compiled.mach-o.executable"; includeInIndex = 0; path = "024_Const(XingCanShiCan)"; sourceTree = BUILT_PRODUCTS_DIR; };
		52D2C73F2136FCAD0039614E /* main.cpp */ = {isa = PBXFileReference; lastKnownFileType = sourcecode.cpp.cpp; path = main.cpp; sourceTree = "<group>"; };
		52EBFC00212D97C200F76B10 /* 013_Array */ = {isa = PBXFileReference; explicitFileType = "compiled.mach-o.executable"; includeInIndex = 0; path = 013_Array; sourceTree = BUILT_PRODUCTS_DIR; };
		52EBFC02212D97C200F76B10 /* main.cpp */ = {isa = PBXFileReference; lastKnownFileType = sourcecode.cpp.cpp; path = main.cpp; sourceTree = "<group>"; };
		52EBFC0B212DA0B000F76B10 /* 014_CString */ = {isa = PBXFileReference; explicitFileType = "compiled.mach-o.executable"; includeInIndex = 0; path = 014_CString; sourceTree = BUILT_PRODUCTS_DIR; };
		52EBFC0D212DA0B000F76B10 /* main.cpp */ = {isa = PBXFileReference; lastKnownFileType = sourcecode.cpp.cpp; path = main.cpp; sourceTree = "<group>"; };
		52EBFC16212DA55700F76B10 /* 015_MultidimensionalArray */ = {isa = PBXFileReference; explicitFileType = "compiled.mach-o.executable"; includeInIndex = 0; path = 015_MultidimensionalArray; sourceTree = BUILT_PRODUCTS_DIR; };
		52EBFC18212DA55700F76B10 /* main.cpp */ = {isa = PBXFileReference; lastKnownFileType = sourcecode.cpp.cpp; path = main.cpp; sourceTree = "<group>"; };
		52FF3E6F2125CB4E0008E68A /* 010_StdlibString */ = {isa = PBXFileReference; explicitFileType = "compiled.mach-o.executable"; includeInIndex = 0; path = 010_StdlibString; sourceTree = BUILT_PRODUCTS_DIR; };
		52FF3E712125CB4E0008E68A /* main.cpp */ = {isa = PBXFileReference; lastKnownFileType = sourcecode.cpp.cpp; path = main.cpp; sourceTree = "<group>"; };
		52FF3E7A2125D8E30008E68A /* 011_StdlibVector */ = {isa = PBXFileReference; explicitFileType = "compiled.mach-o.executable"; includeInIndex = 0; path = 011_StdlibVector; sourceTree = BUILT_PRODUCTS_DIR; };
		52FF3E7C2125D8E30008E68A /* main.cpp */ = {isa = PBXFileReference; lastKnownFileType = sourcecode.cpp.cpp; path = main.cpp; sourceTree = "<group>"; };
		52FF3E852125DDF40008E68A /* 012_IteratorIntroduce */ = {isa = PBXFileReference; explicitFileType = "compiled.mach-o.executable"; includeInIndex = 0; path = 012_IteratorIntroduce; sourceTree = BUILT_PRODUCTS_DIR; };
		52FF3E872125DDF40008E68A /* main.cpp */ = {isa = PBXFileReference; lastKnownFileType = sourcecode.cpp.cpp; path = main.cpp; sourceTree = "<group>"; };
/* End PBXFileReference section */

/* Begin PBXFrameworksBuildPhase section */
		5248717D2123194800076ACD /* Frameworks */ = {
			isa = PBXFrameworksBuildPhase;
			buildActionMask = 2147483647;
			files = (
			);
			runOnlyForDeploymentPostprocessing = 0;
		};
		524871882123216E00076ACD /* Frameworks */ = {
			isa = PBXFrameworksBuildPhase;
			buildActionMask = 2147483647;
			files = (
			);
			runOnlyForDeploymentPostprocessing = 0;
		};
		524871932123230B00076ACD /* Frameworks */ = {
			isa = PBXFrameworksBuildPhase;
			buildActionMask = 2147483647;
			files = (
			);
			runOnlyForDeploymentPostprocessing = 0;
		};
		5248719E2123285000076ACD /* Frameworks */ = {
			isa = PBXFrameworksBuildPhase;
			buildActionMask = 2147483647;
			files = (
			);
			runOnlyForDeploymentPostprocessing = 0;
		};
		524871A921232FD300076ACD /* Frameworks */ = {
			isa = PBXFrameworksBuildPhase;
			buildActionMask = 2147483647;
			files = (
			);
			runOnlyForDeploymentPostprocessing = 0;
		};
		524871B42123325600076ACD /* Frameworks */ = {
			isa = PBXFrameworksBuildPhase;
			buildActionMask = 2147483647;
			files = (
			);
			runOnlyForDeploymentPostprocessing = 0;
		};
		524871BF2123358C00076ACD /* Frameworks */ = {
			isa = PBXFrameworksBuildPhase;
			buildActionMask = 2147483647;
			files = (
			);
			runOnlyForDeploymentPostprocessing = 0;
		};
		524871CA212335C700076ACD /* Frameworks */ = {
			isa = PBXFrameworksBuildPhase;
			buildActionMask = 2147483647;
			files = (
			);
			runOnlyForDeploymentPostprocessing = 0;
		};
		524871D52123399300076ACD /* Frameworks */ = {
			isa = PBXFrameworksBuildPhase;
			buildActionMask = 2147483647;
			files = (
			);
			runOnlyForDeploymentPostprocessing = 0;
		};
		52C0EE02211B40EC00B41490 /* Frameworks */ = {
			isa = PBXFrameworksBuildPhase;
			buildActionMask = 2147483647;
			files = (
			);
			runOnlyForDeploymentPostprocessing = 0;
		};
		52D2C6E1213577BD0039614E /* Frameworks */ = {
			isa = PBXFrameworksBuildPhase;
			buildActionMask = 2147483647;
			files = (
			);
			runOnlyForDeploymentPostprocessing = 0;
		};
		52D2C6EC21357B4C0039614E /* Frameworks */ = {
			isa = PBXFrameworksBuildPhase;
			buildActionMask = 2147483647;
			files = (
			);
			runOnlyForDeploymentPostprocessing = 0;
		};
		52D2C6F721357C860039614E /* Frameworks */ = {
			isa = PBXFrameworksBuildPhase;
			buildActionMask = 2147483647;
			files = (
			);
			runOnlyForDeploymentPostprocessing = 0;
		};
		52D2C70221357ECB0039614E /* Frameworks */ = {
			isa = PBXFrameworksBuildPhase;
			buildActionMask = 2147483647;
			files = (
			);
			runOnlyForDeploymentPostprocessing = 0;
		};
		52D2C70D213585400039614E /* Frameworks */ = {
			isa = PBXFrameworksBuildPhase;
			buildActionMask = 2147483647;
			files = (
			);
			runOnlyForDeploymentPostprocessing = 0;
		};
		52D2C718213587880039614E /* Frameworks */ = {
			isa = PBXFrameworksBuildPhase;
			buildActionMask = 2147483647;
			files = (
			);
			runOnlyForDeploymentPostprocessing = 0;
		};
		52D2C72421358A910039614E /* Frameworks */ = {
			isa = PBXFrameworksBuildPhase;
			buildActionMask = 2147483647;
			files = (
			);
			runOnlyForDeploymentPostprocessing = 0;
		};
		52D2C72F2136F4EA0039614E /* Frameworks */ = {
			isa = PBXFrameworksBuildPhase;
			buildActionMask = 2147483647;
			files = (
			);
			runOnlyForDeploymentPostprocessing = 0;
		};
		52D2C73A2136FCAD0039614E /* Frameworks */ = {
			isa = PBXFrameworksBuildPhase;
			buildActionMask = 2147483647;
			files = (
			);
			runOnlyForDeploymentPostprocessing = 0;
		};
		52EBFBFD212D97C200F76B10 /* Frameworks */ = {
			isa = PBXFrameworksBuildPhase;
			buildActionMask = 2147483647;
			files = (
			);
			runOnlyForDeploymentPostprocessing = 0;
		};
		52EBFC08212DA0B000F76B10 /* Frameworks */ = {
			isa = PBXFrameworksBuildPhase;
			buildActionMask = 2147483647;
			files = (
			);
			runOnlyForDeploymentPostprocessing = 0;
		};
		52EBFC13212DA55700F76B10 /* Frameworks */ = {
			isa = PBXFrameworksBuildPhase;
			buildActionMask = 2147483647;
			files = (
			);
			runOnlyForDeploymentPostprocessing = 0;
		};
		52FF3E6C2125CB4E0008E68A /* Frameworks */ = {
			isa = PBXFrameworksBuildPhase;
			buildActionMask = 2147483647;
			files = (
			);
			runOnlyForDeploymentPostprocessing = 0;
		};
		52FF3E772125D8E30008E68A /* Frameworks */ = {
			isa = PBXFrameworksBuildPhase;
			buildActionMask = 2147483647;
			files = (
			);
			runOnlyForDeploymentPostprocessing = 0;
		};
		52FF3E822125DDF40008E68A /* Frameworks */ = {
			isa = PBXFrameworksBuildPhase;
			buildActionMask = 2147483647;
			files = (
			);
			runOnlyForDeploymentPostprocessing = 0;
		};
/* End PBXFrameworksBuildPhase section */

/* Begin PBXGroup section */
		524871812123194800076ACD /* 002_IoStream */ = {
			isa = PBXGroup;
			children = (
				524871822123194800076ACD /* main.cpp */,
			);
			path = 002_IoStream;
			sourceTree = "<group>";
		};
		5248718C2123216E00076ACD /* 003_While */ = {
			isa = PBXGroup;
			children = (
				5248718D2123216E00076ACD /* main.cpp */,
			);
			path = 003_While;
			sourceTree = "<group>";
		};
		524871972123230B00076ACD /* 004_For */ = {
			isa = PBXGroup;
			children = (
				524871982123230B00076ACD /* main.cpp */,
			);
			path = 004_For;
			sourceTree = "<group>";
		};
		524871A22123285000076ACD /* 005_If */ = {
			isa = PBXGroup;
			children = (
				524871A32123285000076ACD /* main.cpp */,
			);
			path = 005_If;
			sourceTree = "<group>";
		};
		524871AD21232FD300076ACD /* 006_Pointer */ = {
			isa = PBXGroup;
			children = (
				524871AE21232FD300076ACD /* main.cpp */,
			);
			path = 006_Pointer;
			sourceTree = "<group>";
		};
		524871B82123325600076ACD /* 007_Const */ = {
			isa = PBXGroup;
			children = (
				524871B92123325600076ACD /* main.cpp */,
			);
			path = 007_Const;
			sourceTree = "<group>";
		};
		524871CE212335C700076ACD /* 008_Object */ = {
			isa = PBXGroup;
			children = (
				524871CF212335C700076ACD /* main.cpp */,
			);
			path = 008_Object;
			sourceTree = "<group>";
		};
		524871D92123399300076ACD /* 009_NameSpace */ = {
			isa = PBXGroup;
			children = (
				524871DA2123399300076ACD /* main.cpp */,
			);
			path = 009_NameSpace;
			sourceTree = "<group>";
		};
		52C0EDFC211B40EC00B41490 = {
			isa = PBXGroup;
			children = (
				52C0EE07211B40EC00B41490 /* 001_HelloWork */,
				524871812123194800076ACD /* 002_IoStream */,
				5248718C2123216E00076ACD /* 003_While */,
				524871972123230B00076ACD /* 004_For */,
				524871A22123285000076ACD /* 005_If */,
				524871AD21232FD300076ACD /* 006_Pointer */,
				524871B82123325600076ACD /* 007_Const */,
				524871CE212335C700076ACD /* 008_Object */,
				524871D92123399300076ACD /* 009_NameSpace */,
				52FF3E702125CB4E0008E68A /* 010_StdlibString */,
				52FF3E7B2125D8E30008E68A /* 011_StdlibVector */,
				52FF3E862125DDF40008E68A /* 012_IteratorIntroduce */,
				52EBFC01212D97C200F76B10 /* 013_Array */,
				52EBFC0C212DA0B000F76B10 /* 014_CString */,
				52EBFC17212DA55700F76B10 /* 015_MultidimensionalArray */,
				52D2C6E5213577BD0039614E /* 016_While */,
				52D2C6F021357B4C0039614E /* 017_Switch */,
				52D2C6FB21357C860039614E /* 018_DoWhile */,
				52D2C70621357ECB0039614E /* 019_FuncBase */,
				52D2C711213585400039614E /* 020_LocalStaticObjects */,
				52D2C71C213587880039614E /* 021_EparateCompilation */,
				52D2C72821358A910039614E /* 022_PassByValueParameter */,
				52D2C7332136F4EA0039614E /* 023_ReferenceParameter */,
				52D2C73E2136FCAD0039614E /* 024_Const(XingCanShiCan) */,
				52C0EE06211B40EC00B41490 /* Products */,
			);
			sourceTree = "<group>";
		};
		52C0EE06211B40EC00B41490 /* Products */ = {
			isa = PBXGroup;
			children = (
				52C0EE05211B40EC00B41490 /* 001_HelloWork */,
				524871802123194800076ACD /* 002_IoStream */,
				5248718B2123216E00076ACD /* 003_While */,
				524871962123230B00076ACD /* 004_For */,
				524871A12123285000076ACD /* 005_If */,
				524871AC21232FD300076ACD /* 006_Pointer */,
				524871B72123325600076ACD /* 007_Const */,
				524871C22123358C00076ACD /* 008——object 008_object 008_Object */,
				524871CD212335C700076ACD /* 008_Object */,
				524871D82123399300076ACD /* 009_NameSpace */,
				52FF3E6F2125CB4E0008E68A /* 010_StdlibString */,
				52FF3E7A2125D8E30008E68A /* 011_StdlibVector */,
				52FF3E852125DDF40008E68A /* 012_IteratorIntroduce */,
				52EBFC00212D97C200F76B10 /* 013_Array */,
				52EBFC0B212DA0B000F76B10 /* 014_CString */,
				52EBFC16212DA55700F76B10 /* 015_MultidimensionalArray */,
				52D2C6E4213577BD0039614E /* 016_While */,
				52D2C6EF21357B4C0039614E /* 017_Switch */,
				52D2C6FA21357C860039614E /* 018_DoWhile */,
				52D2C70521357ECB0039614E /* 019_FuncBase */,
				52D2C710213585400039614E /* 020_LocalStaticObjects */,
				52D2C71B213587880039614E /* 021_EparateCompilation */,
				52D2C72721358A910039614E /* 022_PassByValueParameter */,
				52D2C7322136F4EA0039614E /* 023_ReferenceParameter */,
				52D2C73D2136FCAD0039614E /* 024_Const(XingCanShiCan) */,
			);
			name = Products;
			sourceTree = "<group>";
		};
		52C0EE07211B40EC00B41490 /* 001_HelloWork */ = {
			isa = PBXGroup;
			children = (
				52C0EE08211B40EC00B41490 /* main.cpp */,
			);
			path = 001_HelloWork;
			sourceTree = "<group>";
		};
		52D2C6E5213577BD0039614E /* 016_While */ = {
			isa = PBXGroup;
			children = (
				52D2C6E6213577BD0039614E /* main.cpp */,
			);
			path = 016_While;
			sourceTree = "<group>";
		};
		52D2C6F021357B4C0039614E /* 017_Switch */ = {
			isa = PBXGroup;
			children = (
				52D2C6F121357B4C0039614E /* main.cpp */,
			);
			path = 017_Switch;
			sourceTree = "<group>";
		};
		52D2C6FB21357C860039614E /* 018_DoWhile */ = {
			isa = PBXGroup;
			children = (
				52D2C6FC21357C870039614E /* main.cpp */,
			);
			path = 018_DoWhile;
			sourceTree = "<group>";
		};
		52D2C70621357ECB0039614E /* 019_FuncBase */ = {
			isa = PBXGroup;
			children = (
				52D2C70721357ECB0039614E /* main.cpp */,
			);
			path = 019_FuncBase;
			sourceTree = "<group>";
		};
		52D2C711213585400039614E /* 020_LocalStaticObjects */ = {
			isa = PBXGroup;
			children = (
				52D2C712213585400039614E /* main.cpp */,
			);
			path = 020_LocalStaticObjects;
			sourceTree = "<group>";
		};
		52D2C71C213587880039614E /* 021_EparateCompilation */ = {
			isa = PBXGroup;
			children = (
				52D2C71D213587880039614E /* main.cpp */,
				52D2C722213587E20039614E /* EparateCompilationHead.h */,
			);
			path = 021_EparateCompilation;
			sourceTree = "<group>";
		};
		52D2C72821358A910039614E /* 022_PassByValueParameter */ = {
			isa = PBXGroup;
			children = (
				52D2C72921358A910039614E /* main.cpp */,
			);
			path = 022_PassByValueParameter;
			sourceTree = "<group>";
		};
		52D2C7332136F4EA0039614E /* 023_ReferenceParameter */ = {
			isa = PBXGroup;
			children = (
				52D2C7342136F4EA0039614E /* main.cpp */,
			);
			path = 023_ReferenceParameter;
			sourceTree = "<group>";
		};
		52D2C73E2136FCAD0039614E /* 024_Const(XingCanShiCan) */ = {
			isa = PBXGroup;
			children = (
				52D2C73F2136FCAD0039614E /* main.cpp */,
			);
			path = "024_Const(XingCanShiCan)";
			sourceTree = "<group>";
		};
		52EBFC01212D97C200F76B10 /* 013_Array */ = {
			isa = PBXGroup;
			children = (
				52EBFC02212D97C200F76B10 /* main.cpp */,
			);
			path = 013_Array;
			sourceTree = "<group>";
		};
		52EBFC0C212DA0B000F76B10 /* 014_CString */ = {
			isa = PBXGroup;
			children = (
				52EBFC0D212DA0B000F76B10 /* main.cpp */,
			);
			path = 014_CString;
			sourceTree = "<group>";
		};
		52EBFC17212DA55700F76B10 /* 015_MultidimensionalArray */ = {
			isa = PBXGroup;
			children = (
				52EBFC18212DA55700F76B10 /* main.cpp */,
			);
			path = 015_MultidimensionalArray;
			sourceTree = "<group>";
		};
		52FF3E702125CB4E0008E68A /* 010_StdlibString */ = {
			isa = PBXGroup;
			children = (
				52FF3E712125CB4E0008E68A /* main.cpp */,
			);
			path = 010_StdlibString;
			sourceTree = "<group>";
		};
		52FF3E7B2125D8E30008E68A /* 011_StdlibVector */ = {
			isa = PBXGroup;
			children = (
				52FF3E7C2125D8E30008E68A /* main.cpp */,
			);
			path = 011_StdlibVector;
			sourceTree = "<group>";
		};
		52FF3E862125DDF40008E68A /* 012_IteratorIntroduce */ = {
			isa = PBXGroup;
			children = (
				52FF3E872125DDF40008E68A /* main.cpp */,
			);
			path = 012_IteratorIntroduce;
			sourceTree = "<group>";
		};
/* End PBXGroup section */

/* Begin PBXNativeTarget section */
		5248717F2123194800076ACD /* 002_IoStream */ = {
			isa = PBXNativeTarget;
			buildConfigurationList = 524871862123194800076ACD /* Build configuration list for PBXNativeTarget "002_IoStream" */;
			buildPhases = (
				5248717C2123194800076ACD /* Sources */,
				5248717D2123194800076ACD /* Frameworks */,
				5248717E2123194800076ACD /* CopyFiles */,
			);
			buildRules = (
			);
			dependencies = (
			);
			name = 002_IoStream;
			productName = 002_IoStream;
			productReference = 524871802123194800076ACD /* 002_IoStream */;
			productType = "com.apple.product-type.tool";
		};
		5248718A2123216E00076ACD /* 003_While */ = {
			isa = PBXNativeTarget;
			buildConfigurationList = 5248718F2123216E00076ACD /* Build configuration list for PBXNativeTarget "003_While" */;
			buildPhases = (
				524871872123216E00076ACD /* Sources */,
				524871882123216E00076ACD /* Frameworks */,
				524871892123216E00076ACD /* CopyFiles */,
			);
			buildRules = (
			);
			dependencies = (
			);
			name = 003_While;
			productName = 003_While;
			productReference = 5248718B2123216E00076ACD /* 003_While */;
			productType = "com.apple.product-type.tool";
		};
		524871952123230B00076ACD /* 004_For */ = {
			isa = PBXNativeTarget;
			buildConfigurationList = 5248719A2123230B00076ACD /* Build configuration list for PBXNativeTarget "004_For" */;
			buildPhases = (
				524871922123230B00076ACD /* Sources */,
				524871932123230B00076ACD /* Frameworks */,
				524871942123230B00076ACD /* CopyFiles */,
			);
			buildRules = (
			);
			dependencies = (
			);
			name = 004_For;
			productName = 004_For;
			productReference = 524871962123230B00076ACD /* 004_For */;
			productType = "com.apple.product-type.tool";
		};
		524871A02123285000076ACD /* 005_If */ = {
			isa = PBXNativeTarget;
			buildConfigurationList = 524871A52123285000076ACD /* Build configuration list for PBXNativeTarget "005_If" */;
			buildPhases = (
				5248719D2123285000076ACD /* Sources */,
				5248719E2123285000076ACD /* Frameworks */,
				5248719F2123285000076ACD /* CopyFiles */,
			);
			buildRules = (
			);
			dependencies = (
			);
			name = 005_If;
			productName = 005_If;
			productReference = 524871A12123285000076ACD /* 005_If */;
			productType = "com.apple.product-type.tool";
		};
		524871AB21232FD300076ACD /* 006_Pointer */ = {
			isa = PBXNativeTarget;
			buildConfigurationList = 524871B021232FD300076ACD /* Build configuration list for PBXNativeTarget "006_Pointer" */;
			buildPhases = (
				524871A821232FD300076ACD /* Sources */,
				524871A921232FD300076ACD /* Frameworks */,
				524871AA21232FD300076ACD /* CopyFiles */,
			);
			buildRules = (
			);
			dependencies = (
			);
			name = 006_Pointer;
			productName = 006_Pointer;
			productReference = 524871AC21232FD300076ACD /* 006_Pointer */;
			productType = "com.apple.product-type.tool";
		};
		524871B62123325600076ACD /* 007_Const */ = {
			isa = PBXNativeTarget;
			buildConfigurationList = 524871BB2123325600076ACD /* Build configuration list for PBXNativeTarget "007_Const" */;
			buildPhases = (
				524871B32123325600076ACD /* Sources */,
				524871B42123325600076ACD /* Frameworks */,
				524871B52123325600076ACD /* CopyFiles */,
			);
			buildRules = (
			);
			dependencies = (
			);
			name = 007_Const;
			productName = 007_Const;
			productReference = 524871B72123325600076ACD /* 007_Const */;
			productType = "com.apple.product-type.tool";
		};
		524871C12123358C00076ACD /* 008——object 008_object 008_Object */ = {
			isa = PBXNativeTarget;
			buildConfigurationList = 524871C62123358C00076ACD /* Build configuration list for PBXNativeTarget "008——object 008_object 008_Object" */;
			buildPhases = (
				524871BE2123358C00076ACD /* Sources */,
				524871BF2123358C00076ACD /* Frameworks */,
				524871C02123358C00076ACD /* CopyFiles */,
			);
			buildRules = (
			);
			dependencies = (
			);
			name = "008——object 008_object 008_Object";
			productName = "008——object 008_object 008_Object";
			productReference = 524871C22123358C00076ACD /* 008——object 008_object 008_Object */;
			productType = "com.apple.product-type.tool";
		};
		524871CC212335C700076ACD /* 008_Object */ = {
			isa = PBXNativeTarget;
			buildConfigurationList = 524871D1212335C700076ACD /* Build configuration list for PBXNativeTarget "008_Object" */;
			buildPhases = (
				524871C9212335C700076ACD /* Sources */,
				524871CA212335C700076ACD /* Frameworks */,
				524871CB212335C700076ACD /* CopyFiles */,
			);
			buildRules = (
			);
			dependencies = (
			);
			name = 008_Object;
			productName = 008_Object;
			productReference = 524871CD212335C700076ACD /* 008_Object */;
			productType = "com.apple.product-type.tool";
		};
		524871D72123399300076ACD /* 009_NameSpace */ = {
			isa = PBXNativeTarget;
			buildConfigurationList = 524871DC2123399300076ACD /* Build configuration list for PBXNativeTarget "009_NameSpace" */;
			buildPhases = (
				524871D42123399300076ACD /* Sources */,
				524871D52123399300076ACD /* Frameworks */,
				524871D62123399300076ACD /* CopyFiles */,
			);
			buildRules = (
			);
			dependencies = (
			);
			name = 009_NameSpace;
			productName = 009_NameSpace;
			productReference = 524871D82123399300076ACD /* 009_NameSpace */;
			productType = "com.apple.product-type.tool";
		};
		52C0EE04211B40EC00B41490 /* 001_HelloWork */ = {
			isa = PBXNativeTarget;
			buildConfigurationList = 52C0EE0C211B40EC00B41490 /* Build configuration list for PBXNativeTarget "001_HelloWork" */;
			buildPhases = (
				52C0EE01211B40EC00B41490 /* Sources */,
				52C0EE02211B40EC00B41490 /* Frameworks */,
				52C0EE03211B40EC00B41490 /* CopyFiles */,
			);
			buildRules = (
			);
			dependencies = (
			);
			name = 001_HelloWork;
			productName = 001_HelloWork;
			productReference = 52C0EE05211B40EC00B41490 /* 001_HelloWork */;
			productType = "com.apple.product-type.tool";
		};
		52D2C6E3213577BD0039614E /* 016_While */ = {
			isa = PBXNativeTarget;
			buildConfigurationList = 52D2C6EA213577BD0039614E /* Build configuration list for PBXNativeTarget "016_While" */;
			buildPhases = (
				52D2C6E0213577BD0039614E /* Sources */,
				52D2C6E1213577BD0039614E /* Frameworks */,
				52D2C6E2213577BD0039614E /* CopyFiles */,
			);
			buildRules = (
			);
			dependencies = (
			);
			name = 016_While;
			productName = 016_While;
			productReference = 52D2C6E4213577BD0039614E /* 016_While */;
			productType = "com.apple.product-type.tool";
		};
		52D2C6EE21357B4C0039614E /* 017_Switch */ = {
			isa = PBXNativeTarget;
			buildConfigurationList = 52D2C6F321357B4C0039614E /* Build configuration list for PBXNativeTarget "017_Switch" */;
			buildPhases = (
				52D2C6EB21357B4C0039614E /* Sources */,
				52D2C6EC21357B4C0039614E /* Frameworks */,
				52D2C6ED21357B4C0039614E /* CopyFiles */,
			);
			buildRules = (
			);
			dependencies = (
			);
			name = 017_Switch;
			productName = 017_Switch;
			productReference = 52D2C6EF21357B4C0039614E /* 017_Switch */;
			productType = "com.apple.product-type.tool";
		};
		52D2C6F921357C860039614E /* 018_DoWhile */ = {
			isa = PBXNativeTarget;
			buildConfigurationList = 52D2C6FE21357C870039614E /* Build configuration list for PBXNativeTarget "018_DoWhile" */;
			buildPhases = (
				52D2C6F621357C860039614E /* Sources */,
				52D2C6F721357C860039614E /* Frameworks */,
				52D2C6F821357C860039614E /* CopyFiles */,
			);
			buildRules = (
			);
			dependencies = (
			);
			name = 018_DoWhile;
			productName = 018_DoWhile;
			productReference = 52D2C6FA21357C860039614E /* 018_DoWhile */;
			productType = "com.apple.product-type.tool";
		};
		52D2C70421357ECB0039614E /* 019_FuncBase */ = {
			isa = PBXNativeTarget;
			buildConfigurationList = 52D2C70921357ECB0039614E /* Build configuration list for PBXNativeTarget "019_FuncBase" */;
			buildPhases = (
				52D2C70121357ECB0039614E /* Sources */,
				52D2C70221357ECB0039614E /* Frameworks */,
				52D2C70321357ECB0039614E /* CopyFiles */,
			);
			buildRules = (
			);
			dependencies = (
			);
			name = 019_FuncBase;
			productName = 019_FuncBase;
			productReference = 52D2C70521357ECB0039614E /* 019_FuncBase */;
			productType = "com.apple.product-type.tool";
		};
		52D2C70F213585400039614E /* 020_LocalStaticObjects */ = {
			isa = PBXNativeTarget;
			buildConfigurationList = 52D2C714213585400039614E /* Build configuration list for PBXNativeTarget "020_LocalStaticObjects" */;
			buildPhases = (
				52D2C70C213585400039614E /* Sources */,
				52D2C70D213585400039614E /* Frameworks */,
				52D2C70E213585400039614E /* CopyFiles */,
			);
			buildRules = (
			);
			dependencies = (
			);
			name = 020_LocalStaticObjects;
			productName = 020_LocalStaticObjects;
			productReference = 52D2C710213585400039614E /* 020_LocalStaticObjects */;
			productType = "com.apple.product-type.tool";
		};
		52D2C71A213587880039614E /* 021_EparateCompilation */ = {
			isa = PBXNativeTarget;
			buildConfigurationList = 52D2C71F213587880039614E /* Build configuration list for PBXNativeTarget "021_EparateCompilation" */;
			buildPhases = (
				52D2C717213587880039614E /* Sources */,
				52D2C718213587880039614E /* Frameworks */,
				52D2C719213587880039614E /* CopyFiles */,
			);
			buildRules = (
			);
			dependencies = (
			);
			name = 021_EparateCompilation;
			productName = 021_EparateCompilation;
			productReference = 52D2C71B213587880039614E /* 021_EparateCompilation */;
			productType = "com.apple.product-type.tool";
		};
		52D2C72621358A910039614E /* 022_PassByValueParameter */ = {
			isa = PBXNativeTarget;
			buildConfigurationList = 52D2C72B21358A910039614E /* Build configuration list for PBXNativeTarget "022_PassByValueParameter" */;
			buildPhases = (
				52D2C72321358A910039614E /* Sources */,
				52D2C72421358A910039614E /* Frameworks */,
				52D2C72521358A910039614E /* CopyFiles */,
			);
			buildRules = (
			);
			dependencies = (
			);
			name = 022_PassByValueParameter;
			productName = 022_PassByValueParameter;
			productReference = 52D2C72721358A910039614E /* 022_PassByValueParameter */;
			productType = "com.apple.product-type.tool";
		};
		52D2C7312136F4EA0039614E /* 023_ReferenceParameter */ = {
			isa = PBXNativeTarget;
			buildConfigurationList = 52D2C7382136F4EA0039614E /* Build configuration list for PBXNativeTarget "023_ReferenceParameter" */;
			buildPhases = (
				52D2C72E2136F4EA0039614E /* Sources */,
				52D2C72F2136F4EA0039614E /* Frameworks */,
				52D2C7302136F4EA0039614E /* CopyFiles */,
			);
			buildRules = (
			);
			dependencies = (
			);
			name = 023_ReferenceParameter;
			productName = 023_ReferenceParameter;
			productReference = 52D2C7322136F4EA0039614E /* 023_ReferenceParameter */;
			productType = "com.apple.product-type.tool";
		};
		52D2C73C2136FCAD0039614E /* 024_Const(XingCanShiCan) */ = {
			isa = PBXNativeTarget;
			buildConfigurationList = 52D2C7412136FCAD0039614E /* Build configuration list for PBXNativeTarget "024_Const(XingCanShiCan)" */;
			buildPhases = (
				52D2C7392136FCAD0039614E /* Sources */,
				52D2C73A2136FCAD0039614E /* Frameworks */,
				52D2C73B2136FCAD0039614E /* CopyFiles */,
			);
			buildRules = (
			);
			dependencies = (
			);
			name = "024_Const(XingCanShiCan)";
			productName = "024_Const(XingCanShiCan)";
			productReference = 52D2C73D2136FCAD0039614E /* 024_Const(XingCanShiCan) */;
			productType = "com.apple.product-type.tool";
		};
		52EBFBFF212D97C200F76B10 /* 013_Array */ = {
			isa = PBXNativeTarget;
			buildConfigurationList = 52EBFC06212D97C200F76B10 /* Build configuration list for PBXNativeTarget "013_Array" */;
			buildPhases = (
				52EBFBFC212D97C200F76B10 /* Sources */,
				52EBFBFD212D97C200F76B10 /* Frameworks */,
				52EBFBFE212D97C200F76B10 /* CopyFiles */,
			);
			buildRules = (
			);
			dependencies = (
			);
			name = 013_Array;
			productName = 013_Array;
			productReference = 52EBFC00212D97C200F76B10 /* 013_Array */;
			productType = "com.apple.product-type.tool";
		};
		52EBFC0A212DA0B000F76B10 /* 014_CString */ = {
			isa = PBXNativeTarget;
			buildConfigurationList = 52EBFC0F212DA0B000F76B10 /* Build configuration list for PBXNativeTarget "014_CString" */;
			buildPhases = (
				52EBFC07212DA0B000F76B10 /* Sources */,
				52EBFC08212DA0B000F76B10 /* Frameworks */,
				52EBFC09212DA0B000F76B10 /* CopyFiles */,
			);
			buildRules = (
			);
			dependencies = (
			);
			name = 014_CString;
			productName = 014_CString;
			productReference = 52EBFC0B212DA0B000F76B10 /* 014_CString */;
			productType = "com.apple.product-type.tool";
		};
		52EBFC15212DA55700F76B10 /* 015_MultidimensionalArray */ = {
			isa = PBXNativeTarget;
			buildConfigurationList = 52EBFC1A212DA55700F76B10 /* Build configuration list for PBXNativeTarget "015_MultidimensionalArray" */;
			buildPhases = (
				52EBFC12212DA55700F76B10 /* Sources */,
				52EBFC13212DA55700F76B10 /* Frameworks */,
				52EBFC14212DA55700F76B10 /* CopyFiles */,
			);
			buildRules = (
			);
			dependencies = (
			);
			name = 015_MultidimensionalArray;
			productName = 015_MultidimensionalArray;
			productReference = 52EBFC16212DA55700F76B10 /* 015_MultidimensionalArray */;
			productType = "com.apple.product-type.tool";
		};
		52FF3E6E2125CB4E0008E68A /* 010_StdlibString */ = {
			isa = PBXNativeTarget;
			buildConfigurationList = 52FF3E752125CB4E0008E68A /* Build configuration list for PBXNativeTarget "010_StdlibString" */;
			buildPhases = (
				52FF3E6B2125CB4E0008E68A /* Sources */,
				52FF3E6C2125CB4E0008E68A /* Frameworks */,
				52FF3E6D2125CB4E0008E68A /* CopyFiles */,
			);
			buildRules = (
			);
			dependencies = (
			);
			name = 010_StdlibString;
			productName = 010_StdlibString;
			productReference = 52FF3E6F2125CB4E0008E68A /* 010_StdlibString */;
			productType = "com.apple.product-type.tool";
		};
		52FF3E792125D8E30008E68A /* 011_StdlibVector */ = {
			isa = PBXNativeTarget;
			buildConfigurationList = 52FF3E7E2125D8E30008E68A /* Build configuration list for PBXNativeTarget "011_StdlibVector" */;
			buildPhases = (
				52FF3E762125D8E30008E68A /* Sources */,
				52FF3E772125D8E30008E68A /* Frameworks */,
				52FF3E782125D8E30008E68A /* CopyFiles */,
			);
			buildRules = (
			);
			dependencies = (
			);
			name = 011_StdlibVector;
			productName = 011_StdlibVector;
			productReference = 52FF3E7A2125D8E30008E68A /* 011_StdlibVector */;
			productType = "com.apple.product-type.tool";
		};
		52FF3E842125DDF40008E68A /* 012_IteratorIntroduce */ = {
			isa = PBXNativeTarget;
			buildConfigurationList = 52FF3E892125DDF40008E68A /* Build configuration list for PBXNativeTarget "012_IteratorIntroduce" */;
			buildPhases = (
				52FF3E812125DDF40008E68A /* Sources */,
				52FF3E822125DDF40008E68A /* Frameworks */,
				52FF3E832125DDF40008E68A /* CopyFiles */,
			);
			buildRules = (
			);
			dependencies = (
			);
			name = 012_IteratorIntroduce;
			productName = 012_IteratorIntroduce;
			productReference = 52FF3E852125DDF40008E68A /* 012_IteratorIntroduce */;
			productType = "com.apple.product-type.tool";
		};
/* End PBXNativeTarget section */

/* Begin PBXProject section */
		52C0EDFD211B40EC00B41490 /* Project object */ = {
			isa = PBXProject;
			attributes = {
				LastUpgradeCheck = 0940;
				ORGANIZATIONNAME = "C++";
				TargetAttributes = {
					5248717F2123194800076ACD = {
						CreatedOnToolsVersion = 9.4.1;
					};
					5248718A2123216E00076ACD = {
						CreatedOnToolsVersion = 9.4.1;
					};
					524871952123230B00076ACD = {
						CreatedOnToolsVersion = 9.4.1;
					};
					524871A02123285000076ACD = {
						CreatedOnToolsVersion = 9.4.1;
					};
					524871AB21232FD300076ACD = {
						CreatedOnToolsVersion = 9.4.1;
					};
					524871B62123325600076ACD = {
						CreatedOnToolsVersion = 9.4.1;
					};
					524871C12123358C00076ACD = {
						CreatedOnToolsVersion = 9.4.1;
					};
					524871CC212335C700076ACD = {
						CreatedOnToolsVersion = 9.4.1;
					};
					524871D72123399300076ACD = {
						CreatedOnToolsVersion = 9.4.1;
					};
					52C0EE04211B40EC00B41490 = {
						CreatedOnToolsVersion = 9.4.1;
					};
					52D2C6E3213577BD0039614E = {
						CreatedOnToolsVersion = 9.4.1;
					};
					52D2C6EE21357B4C0039614E = {
						CreatedOnToolsVersion = 9.4.1;
					};
					52D2C6F921357C860039614E = {
						CreatedOnToolsVersion = 9.4.1;
					};
					52D2C70421357ECB0039614E = {
						CreatedOnToolsVersion = 9.4.1;
					};
					52D2C70F213585400039614E = {
						CreatedOnToolsVersion = 9.4.1;
					};
					52D2C71A213587880039614E = {
						CreatedOnToolsVersion = 9.4.1;
					};
					52D2C72621358A910039614E = {
						CreatedOnToolsVersion = 9.4.1;
					};
					52D2C7312136F4EA0039614E = {
						CreatedOnToolsVersion = 9.4.1;
					};
					52D2C73C2136FCAD0039614E = {
						CreatedOnToolsVersion = 9.4.1;
					};
					52EBFBFF212D97C200F76B10 = {
						CreatedOnToolsVersion = 9.4.1;
					};
					52EBFC0A212DA0B000F76B10 = {
						CreatedOnToolsVersion = 9.4.1;
					};
					52EBFC15212DA55700F76B10 = {
						CreatedOnToolsVersion = 9.4.1;
					};
					52FF3E6E2125CB4E0008E68A = {
						CreatedOnToolsVersion = 9.4.1;
					};
					52FF3E792125D8E30008E68A = {
						CreatedOnToolsVersion = 9.4.1;
					};
					52FF3E842125DDF40008E68A = {
						CreatedOnToolsVersion = 9.4.1;
					};
				};
			};
			buildConfigurationList = 52C0EE00211B40EC00B41490 /* Build configuration list for PBXProject "C_Primer" */;
			compatibilityVersion = "Xcode 9.3";
			developmentRegion = en;
			hasScannedForEncodings = 0;
			knownRegions = (
				en,
			);
			mainGroup = 52C0EDFC211B40EC00B41490;
			productRefGroup = 52C0EE06211B40EC00B41490 /* Products */;
			projectDirPath = "";
			projectRoot = "";
			targets = (
				52C0EE04211B40EC00B41490 /* 001_HelloWork */,
				5248717F2123194800076ACD /* 002_IoStream */,
				5248718A2123216E00076ACD /* 003_While */,
				524871952123230B00076ACD /* 004_For */,
				524871A02123285000076ACD /* 005_If */,
				524871AB21232FD300076ACD /* 006_Pointer */,
				524871B62123325600076ACD /* 007_Const */,
				524871C12123358C00076ACD /* 008——object 008_object 008_Object */,
				524871CC212335C700076ACD /* 008_Object */,
				524871D72123399300076ACD /* 009_NameSpace */,
				52FF3E6E2125CB4E0008E68A /* 010_StdlibString */,
				52FF3E792125D8E30008E68A /* 011_StdlibVector */,
				52FF3E842125DDF40008E68A /* 012_IteratorIntroduce */,
				52EBFBFF212D97C200F76B10 /* 013_Array */,
				52EBFC0A212DA0B000F76B10 /* 014_CString */,
				52EBFC15212DA55700F76B10 /* 015_MultidimensionalArray */,
				52D2C6E3213577BD0039614E /* 016_While */,
				52D2C6EE21357B4C0039614E /* 017_Switch */,
				52D2C6F921357C860039614E /* 018_DoWhile */,
				52D2C70421357ECB0039614E /* 019_FuncBase */,
				52D2C70F213585400039614E /* 020_LocalStaticObjects */,
				52D2C71A213587880039614E /* 021_EparateCompilation */,
				52D2C72621358A910039614E /* 022_PassByValueParameter */,
				52D2C7312136F4EA0039614E /* 023_ReferenceParameter */,
				52D2C73C2136FCAD0039614E /* 024_Const(XingCanShiCan) */,
			);
		};
/* End PBXProject section */

/* Begin PBXSourcesBuildPhase section */
		5248717C2123194800076ACD /* Sources */ = {
			isa = PBXSourcesBuildPhase;
			buildActionMask = 2147483647;
			files = (
				524871832123194800076ACD /* main.cpp in Sources */,
			);
			runOnlyForDeploymentPostprocessing = 0;
		};
		524871872123216E00076ACD /* Sources */ = {
			isa = PBXSourcesBuildPhase;
			buildActionMask = 2147483647;
			files = (
				5248718E2123216E00076ACD /* main.cpp in Sources */,
			);
			runOnlyForDeploymentPostprocessing = 0;
		};
		524871922123230B00076ACD /* Sources */ = {
			isa = PBXSourcesBuildPhase;
			buildActionMask = 2147483647;
			files = (
				524871992123230B00076ACD /* main.cpp in Sources */,
			);
			runOnlyForDeploymentPostprocessing = 0;
		};
		5248719D2123285000076ACD /* Sources */ = {
			isa = PBXSourcesBuildPhase;
			buildActionMask = 2147483647;
			files = (
				524871A42123285000076ACD /* main.cpp in Sources */,
			);
			runOnlyForDeploymentPostprocessing = 0;
		};
		524871A821232FD300076ACD /* Sources */ = {
			isa = PBXSourcesBuildPhase;
			buildActionMask = 2147483647;
			files = (
				524871AF21232FD300076ACD /* main.cpp in Sources */,
			);
			runOnlyForDeploymentPostprocessing = 0;
		};
		524871B32123325600076ACD /* Sources */ = {
			isa = PBXSourcesBuildPhase;
			buildActionMask = 2147483647;
			files = (
				524871BA2123325600076ACD /* main.cpp in Sources */,
			);
			runOnlyForDeploymentPostprocessing = 0;
		};
		524871BE2123358C00076ACD /* Sources */ = {
			isa = PBXSourcesBuildPhase;
			buildActionMask = 2147483647;
			files = (
			);
			runOnlyForDeploymentPostprocessing = 0;
		};
		524871C9212335C700076ACD /* Sources */ = {
			isa = PBXSourcesBuildPhase;
			buildActionMask = 2147483647;
			files = (
				524871D0212335C700076ACD /* main.cpp in Sources */,
			);
			runOnlyForDeploymentPostprocessing = 0;
		};
		524871D42123399300076ACD /* Sources */ = {
			isa = PBXSourcesBuildPhase;
			buildActionMask = 2147483647;
			files = (
				524871DB2123399300076ACD /* main.cpp in Sources */,
			);
			runOnlyForDeploymentPostprocessing = 0;
		};
		52C0EE01211B40EC00B41490 /* Sources */ = {
			isa = PBXSourcesBuildPhase;
			buildActionMask = 2147483647;
			files = (
				52C0EE09211B40EC00B41490 /* main.cpp in Sources */,
			);
			runOnlyForDeploymentPostprocessing = 0;
		};
		52D2C6E0213577BD0039614E /* Sources */ = {
			isa = PBXSourcesBuildPhase;
			buildActionMask = 2147483647;
			files = (
				52D2C6E7213577BD0039614E /* main.cpp in Sources */,
			);
			runOnlyForDeploymentPostprocessing = 0;
		};
		52D2C6EB21357B4C0039614E /* Sources */ = {
			isa = PBXSourcesBuildPhase;
			buildActionMask = 2147483647;
			files = (
				52D2C6F221357B4C0039614E /* main.cpp in Sources */,
			);
			runOnlyForDeploymentPostprocessing = 0;
		};
		52D2C6F621357C860039614E /* Sources */ = {
			isa = PBXSourcesBuildPhase;
			buildActionMask = 2147483647;
			files = (
				52D2C6FD21357C870039614E /* main.cpp in Sources */,
			);
			runOnlyForDeploymentPostprocessing = 0;
		};
		52D2C70121357ECB0039614E /* Sources */ = {
			isa = PBXSourcesBuildPhase;
			buildActionMask = 2147483647;
			files = (
				52D2C70821357ECB0039614E /* main.cpp in Sources */,
			);
			runOnlyForDeploymentPostprocessing = 0;
		};
		52D2C70C213585400039614E /* Sources */ = {
			isa = PBXSourcesBuildPhase;
			buildActionMask = 2147483647;
			files = (
				52D2C713213585400039614E /* main.cpp in Sources */,
			);
			runOnlyForDeploymentPostprocessing = 0;
		};
		52D2C717213587880039614E /* Sources */ = {
			isa = PBXSourcesBuildPhase;
			buildActionMask = 2147483647;
			files = (
				52D2C71E213587880039614E /* main.cpp in Sources */,
			);
			runOnlyForDeploymentPostprocessing = 0;
		};
		52D2C72321358A910039614E /* Sources */ = {
			isa = PBXSourcesBuildPhase;
			buildActionMask = 2147483647;
			files = (
				52D2C72A21358A910039614E /* main.cpp in Sources */,
			);
			runOnlyForDeploymentPostprocessing = 0;
		};
		52D2C72E2136F4EA0039614E /* Sources */ = {
			isa = PBXSourcesBuildPhase;
			buildActionMask = 2147483647;
			files = (
				52D2C7352136F4EA0039614E /* main.cpp in Sources */,
			);
			runOnlyForDeploymentPostprocessing = 0;
		};
		52D2C7392136FCAD0039614E /* Sources */ = {
			isa = PBXSourcesBuildPhase;
			buildActionMask = 2147483647;
			files = (
				52D2C7402136FCAD0039614E /* main.cpp in Sources */,
			);
			runOnlyForDeploymentPostprocessing = 0;
		};
		52EBFBFC212D97C200F76B10 /* Sources */ = {
			isa = PBXSourcesBuildPhase;
			buildActionMask = 2147483647;
			files = (
				52EBFC03212D97C200F76B10 /* main.cpp in Sources */,
			);
			runOnlyForDeploymentPostprocessing = 0;
		};
		52EBFC07212DA0B000F76B10 /* Sources */ = {
			isa = PBXSourcesBuildPhase;
			buildActionMask = 2147483647;
			files = (
				52EBFC0E212DA0B000F76B10 /* main.cpp in Sources */,
			);
			runOnlyForDeploymentPostprocessing = 0;
		};
		52EBFC12212DA55700F76B10 /* Sources */ = {
			isa = PBXSourcesBuildPhase;
			buildActionMask = 2147483647;
			files = (
				52EBFC19212DA55700F76B10 /* main.cpp in Sources */,
			);
			runOnlyForDeploymentPostprocessing = 0;
		};
		52FF3E6B2125CB4E0008E68A /* Sources */ = {
			isa = PBXSourcesBuildPhase;
			buildActionMask = 2147483647;
			files = (
				52FF3E722125CB4E0008E68A /* main.cpp in Sources */,
			);
			runOnlyForDeploymentPostprocessing = 0;
		};
		52FF3E762125D8E30008E68A /* Sources */ = {
			isa = PBXSourcesBuildPhase;
			buildActionMask = 2147483647;
			files = (
				52FF3E7D2125D8E30008E68A /* main.cpp in Sources */,
			);
			runOnlyForDeploymentPostprocessing = 0;
		};
		52FF3E812125DDF40008E68A /* Sources */ = {
			isa = PBXSourcesBuildPhase;
			buildActionMask = 2147483647;
			files = (
				52FF3E882125DDF40008E68A /* main.cpp in Sources */,
			);
			runOnlyForDeploymentPostprocessing = 0;
		};
/* End PBXSourcesBuildPhase section */

/* Begin XCBuildConfiguration section */
		524871842123194800076ACD /* Debug */ = {
			isa = XCBuildConfiguration;
			buildSettings = {
				CODE_SIGN_STYLE = Automatic;
				DEVELOPMENT_TEAM = JH28QR844Q;
				PRODUCT_NAME = "$(TARGET_NAME)";
			};
			name = Debug;
		};
		524871852123194800076ACD /* Release */ = {
			isa = XCBuildConfiguration;
			buildSettings = {
				CODE_SIGN_STYLE = Automatic;
				DEVELOPMENT_TEAM = JH28QR844Q;
				PRODUCT_NAME = "$(TARGET_NAME)";
			};
			name = Release;
		};
		524871902123216E00076ACD /* Debug */ = {
			isa = XCBuildConfiguration;
			buildSettings = {
				CODE_SIGN_STYLE = Automatic;
				DEVELOPMENT_TEAM = JH28QR844Q;
				PRODUCT_NAME = "$(TARGET_NAME)";
			};
			name = Debug;
		};
		524871912123216E00076ACD /* Release */ = {
			isa = XCBuildConfiguration;
			buildSettings = {
				CODE_SIGN_STYLE = Automatic;
				DEVELOPMENT_TEAM = JH28QR844Q;
				PRODUCT_NAME = "$(TARGET_NAME)";
			};
			name = Release;
		};
		5248719B2123230B00076ACD /* Debug */ = {
			isa = XCBuildConfiguration;
			buildSettings = {
				CODE_SIGN_STYLE = Automatic;
				DEVELOPMENT_TEAM = JH28QR844Q;
				PRODUCT_NAME = "$(TARGET_NAME)";
			};
			name = Debug;
		};
		5248719C2123230B00076ACD /* Release */ = {
			isa = XCBuildConfiguration;
			buildSettings = {
				CODE_SIGN_STYLE = Automatic;
				DEVELOPMENT_TEAM = JH28QR844Q;
				PRODUCT_NAME = "$(TARGET_NAME)";
			};
			name = Release;
		};
		524871A62123285000076ACD /* Debug */ = {
			isa = XCBuildConfiguration;
			buildSettings = {
				CODE_SIGN_STYLE = Automatic;
				DEVELOPMENT_TEAM = JH28QR844Q;
				PRODUCT_NAME = "$(TARGET_NAME)";
			};
			name = Debug;
		};
		524871A72123285000076ACD /* Release */ = {
			isa = XCBuildConfiguration;
			buildSettings = {
				CODE_SIGN_STYLE = Automatic;
				DEVELOPMENT_TEAM = JH28QR844Q;
				PRODUCT_NAME = "$(TARGET_NAME)";
			};
			name = Release;
		};
		524871B121232FD300076ACD /* Debug */ = {
			isa = XCBuildConfiguration;
			buildSettings = {
				CODE_SIGN_STYLE = Automatic;
				DEVELOPMENT_TEAM = JH28QR844Q;
				PRODUCT_NAME = "$(TARGET_NAME)";
			};
			name = Debug;
		};
		524871B221232FD300076ACD /* Release */ = {
			isa = XCBuildConfiguration;
			buildSettings = {
				CODE_SIGN_STYLE = Automatic;
				DEVELOPMENT_TEAM = JH28QR844Q;
				PRODUCT_NAME = "$(TARGET_NAME)";
			};
			name = Release;
		};
		524871BC2123325600076ACD /* Debug */ = {
			isa = XCBuildConfiguration;
			buildSettings = {
				CODE_SIGN_STYLE = Automatic;
				DEVELOPMENT_TEAM = JH28QR844Q;
				PRODUCT_NAME = "$(TARGET_NAME)";
			};
			name = Debug;
		};
		524871BD2123325600076ACD /* Release */ = {
			isa = XCBuildConfiguration;
			buildSettings = {
				CODE_SIGN_STYLE = Automatic;
				DEVELOPMENT_TEAM = JH28QR844Q;
				PRODUCT_NAME = "$(TARGET_NAME)";
			};
			name = Release;
		};
		524871C72123358C00076ACD /* Debug */ = {
			isa = XCBuildConfiguration;
			buildSettings = {
				CODE_SIGN_STYLE = Automatic;
				DEVELOPMENT_TEAM = JH28QR844Q;
				PRODUCT_NAME = "$(TARGET_NAME)";
			};
			name = Debug;
		};
		524871C82123358C00076ACD /* Release */ = {
			isa = XCBuildConfiguration;
			buildSettings = {
				CODE_SIGN_STYLE = Automatic;
				DEVELOPMENT_TEAM = JH28QR844Q;
				PRODUCT_NAME = "$(TARGET_NAME)";
			};
			name = Release;
		};
		524871D2212335C700076ACD /* Debug */ = {
			isa = XCBuildConfiguration;
			buildSettings = {
				CODE_SIGN_STYLE = Automatic;
				DEVELOPMENT_TEAM = JH28QR844Q;
				PRODUCT_NAME = "$(TARGET_NAME)";
			};
			name = Debug;
		};
		524871D3212335C700076ACD /* Release */ = {
			isa = XCBuildConfiguration;
			buildSettings = {
				CODE_SIGN_STYLE = Automatic;
				DEVELOPMENT_TEAM = JH28QR844Q;
				PRODUCT_NAME = "$(TARGET_NAME)";
			};
			name = Release;
		};
		524871DD2123399300076ACD /* Debug */ = {
			isa = XCBuildConfiguration;
			buildSettings = {
				CODE_SIGN_STYLE = Automatic;
				DEVELOPMENT_TEAM = JH28QR844Q;
				PRODUCT_NAME = "$(TARGET_NAME)";
			};
			name = Debug;
		};
		524871DE2123399300076ACD /* Release */ = {
			isa = XCBuildConfiguration;
			buildSettings = {
				CODE_SIGN_STYLE = Automatic;
				DEVELOPMENT_TEAM = JH28QR844Q;
				PRODUCT_NAME = "$(TARGET_NAME)";
			};
			name = Release;
		};
		52C0EE0A211B40EC00B41490 /* Debug */ = {
			isa = XCBuildConfiguration;
			buildSettings = {
				ALWAYS_SEARCH_USER_PATHS = NO;
				CLANG_ANALYZER_NONNULL = YES;
				CLANG_ANALYZER_NUMBER_OBJECT_CONVERSION = YES_AGGRESSIVE;
				CLANG_CXX_LANGUAGE_STANDARD = "gnu++14";
				CLANG_CXX_LIBRARY = "libc++";
				CLANG_ENABLE_MODULES = YES;
				CLANG_ENABLE_OBJC_ARC = YES;
				CLANG_ENABLE_OBJC_WEAK = YES;
				CLANG_WARN_BLOCK_CAPTURE_AUTORELEASING = YES;
				CLANG_WARN_BOOL_CONVERSION = YES;
				CLANG_WARN_COMMA = YES;
				CLANG_WARN_CONSTANT_CONVERSION = YES;
				CLANG_WARN_DEPRECATED_OBJC_IMPLEMENTATIONS = YES;
				CLANG_WARN_DIRECT_OBJC_ISA_USAGE = YES_ERROR;
				CLANG_WARN_DOCUMENTATION_COMMENTS = YES;
				CLANG_WARN_EMPTY_BODY = YES;
				CLANG_WARN_ENUM_CONVERSION = YES;
				CLANG_WARN_INFINITE_RECURSION = YES;
				CLANG_WARN_INT_CONVERSION = YES;
				CLANG_WARN_NON_LITERAL_NULL_CONVERSION = YES;
				CLANG_WARN_OBJC_IMPLICIT_RETAIN_SELF = YES;
				CLANG_WARN_OBJC_LITERAL_CONVERSION = YES;
				CLANG_WARN_OBJC_ROOT_CLASS = YES_ERROR;
				CLANG_WARN_RANGE_LOOP_ANALYSIS = YES;
				CLANG_WARN_STRICT_PROTOTYPES = YES;
				CLANG_WARN_SUSPICIOUS_MOVE = YES;
				CLANG_WARN_UNGUARDED_AVAILABILITY = YES_AGGRESSIVE;
				CLANG_WARN_UNREACHABLE_CODE = YES;
				CLANG_WARN__DUPLICATE_METHOD_MATCH = YES;
				CODE_SIGN_IDENTITY = "Mac Developer";
				COPY_PHASE_STRIP = NO;
				DEBUG_INFORMATION_FORMAT = dwarf;
				ENABLE_STRICT_OBJC_MSGSEND = YES;
				ENABLE_TESTABILITY = YES;
				GCC_C_LANGUAGE_STANDARD = gnu11;
				GCC_DYNAMIC_NO_PIC = NO;
				GCC_NO_COMMON_BLOCKS = YES;
				GCC_OPTIMIZATION_LEVEL = 0;
				GCC_PREPROCESSOR_DEFINITIONS = (
					"DEBUG=1",
					"$(inherited)",
				);
				GCC_WARN_64_TO_32_BIT_CONVERSION = YES;
				GCC_WARN_ABOUT_RETURN_TYPE = YES_ERROR;
				GCC_WARN_UNDECLARED_SELECTOR = YES;
				GCC_WARN_UNINITIALIZED_AUTOS = YES_AGGRESSIVE;
				GCC_WARN_UNUSED_FUNCTION = YES;
				GCC_WARN_UNUSED_VARIABLE = YES;
				MACOSX_DEPLOYMENT_TARGET = 10.13;
				MTL_ENABLE_DEBUG_INFO = YES;
				ONLY_ACTIVE_ARCH = YES;
				SDKROOT = macosx;
			};
			name = Debug;
		};
		52C0EE0B211B40EC00B41490 /* Release */ = {
			isa = XCBuildConfiguration;
			buildSettings = {
				ALWAYS_SEARCH_USER_PATHS = NO;
				CLANG_ANALYZER_NONNULL = YES;
				CLANG_ANALYZER_NUMBER_OBJECT_CONVERSION = YES_AGGRESSIVE;
				CLANG_CXX_LANGUAGE_STANDARD = "gnu++14";
				CLANG_CXX_LIBRARY = "libc++";
				CLANG_ENABLE_MODULES = YES;
				CLANG_ENABLE_OBJC_ARC = YES;
				CLANG_ENABLE_OBJC_WEAK = YES;
				CLANG_WARN_BLOCK_CAPTURE_AUTORELEASING = YES;
				CLANG_WARN_BOOL_CONVERSION = YES;
				CLANG_WARN_COMMA = YES;
				CLANG_WARN_CONSTANT_CONVERSION = YES;
				CLANG_WARN_DEPRECATED_OBJC_IMPLEMENTATIONS = YES;
				CLANG_WARN_DIRECT_OBJC_ISA_USAGE = YES_ERROR;
				CLANG_WARN_DOCUMENTATION_COMMENTS = YES;
				CLANG_WARN_EMPTY_BODY = YES;
				CLANG_WARN_ENUM_CONVERSION = YES;
				CLANG_WARN_INFINITE_RECURSION = YES;
				CLANG_WARN_INT_CONVERSION = YES;
				CLANG_WARN_NON_LITERAL_NULL_CONVERSION = YES;
				CLANG_WARN_OBJC_IMPLICIT_RETAIN_SELF = YES;
				CLANG_WARN_OBJC_LITERAL_CONVERSION = YES;
				CLANG_WARN_OBJC_ROOT_CLASS = YES_ERROR;
				CLANG_WARN_RANGE_LOOP_ANALYSIS = YES;
				CLANG_WARN_STRICT_PROTOTYPES = YES;
				CLANG_WARN_SUSPICIOUS_MOVE = YES;
				CLANG_WARN_UNGUARDED_AVAILABILITY = YES_AGGRESSIVE;
				CLANG_WARN_UNREACHABLE_CODE = YES;
				CLANG_WARN__DUPLICATE_METHOD_MATCH = YES;
				CODE_SIGN_IDENTITY = "Mac Developer";
				COPY_PHASE_STRIP = NO;
				DEBUG_INFORMATION_FORMAT = "dwarf-with-dsym";
				ENABLE_NS_ASSERTIONS = NO;
				ENABLE_STRICT_OBJC_MSGSEND = YES;
				GCC_C_LANGUAGE_STANDARD = gnu11;
				GCC_NO_COMMON_BLOCKS = YES;
				GCC_WARN_64_TO_32_BIT_CONVERSION = YES;
				GCC_WARN_ABOUT_RETURN_TYPE = YES_ERROR;
				GCC_WARN_UNDECLARED_SELECTOR = YES;
				GCC_WARN_UNINITIALIZED_AUTOS = YES_AGGRESSIVE;
				GCC_WARN_UNUSED_FUNCTION = YES;
				GCC_WARN_UNUSED_VARIABLE = YES;
				MACOSX_DEPLOYMENT_TARGET = 10.13;
				MTL_ENABLE_DEBUG_INFO = NO;
				SDKROOT = macosx;
			};
			name = Release;
		};
		52C0EE0D211B40EC00B41490 /* Debug */ = {
			isa = XCBuildConfiguration;
			buildSettings = {
				CODE_SIGN_STYLE = Automatic;
				DEVELOPMENT_TEAM = JH28QR844Q;
				PRODUCT_NAME = "$(TARGET_NAME)";
			};
			name = Debug;
		};
		52C0EE0E211B40EC00B41490 /* Release */ = {
			isa = XCBuildConfiguration;
			buildSettings = {
				CODE_SIGN_STYLE = Automatic;
				DEVELOPMENT_TEAM = JH28QR844Q;
				PRODUCT_NAME = "$(TARGET_NAME)";
			};
			name = Release;
		};
		52D2C6E8213577BD0039614E /* Debug */ = {
			isa = XCBuildConfiguration;
			buildSettings = {
				CODE_SIGN_STYLE = Automatic;
				DEVELOPMENT_TEAM = JH28QR844Q;
				PRODUCT_NAME = "$(TARGET_NAME)";
			};
			name = Debug;
		};
		52D2C6E9213577BD0039614E /* Release */ = {
			isa = XCBuildConfiguration;
			buildSettings = {
				CODE_SIGN_STYLE = Automatic;
				DEVELOPMENT_TEAM = JH28QR844Q;
				PRODUCT_NAME = "$(TARGET_NAME)";
			};
			name = Release;
		};
		52D2C6F421357B4C0039614E /* Debug */ = {
			isa = XCBuildConfiguration;
			buildSettings = {
				CODE_SIGN_STYLE = Automatic;
				DEVELOPMENT_TEAM = JH28QR844Q;
				PRODUCT_NAME = "$(TARGET_NAME)";
			};
			name = Debug;
		};
		52D2C6F521357B4C0039614E /* Release */ = {
			isa = XCBuildConfiguration;
			buildSettings = {
				CODE_SIGN_STYLE = Automatic;
				DEVELOPMENT_TEAM = JH28QR844Q;
				PRODUCT_NAME = "$(TARGET_NAME)";
			};
			name = Release;
		};
		52D2C6FF21357C870039614E /* Debug */ = {
			isa = XCBuildConfiguration;
			buildSettings = {
				CODE_SIGN_STYLE = Automatic;
				DEVELOPMENT_TEAM = JH28QR844Q;
				PRODUCT_NAME = "$(TARGET_NAME)";
			};
			name = Debug;
		};
		52D2C70021357C870039614E /* Release */ = {
			isa = XCBuildConfiguration;
			buildSettings = {
				CODE_SIGN_STYLE = Automatic;
				DEVELOPMENT_TEAM = JH28QR844Q;
				PRODUCT_NAME = "$(TARGET_NAME)";
			};
			name = Release;
		};
		52D2C70A21357ECB0039614E /* Debug */ = {
			isa = XCBuildConfiguration;
			buildSettings = {
				CODE_SIGN_STYLE = Automatic;
				DEVELOPMENT_TEAM = JH28QR844Q;
				PRODUCT_NAME = "$(TARGET_NAME)";
			};
			name = Debug;
		};
		52D2C70B21357ECB0039614E /* Release */ = {
			isa = XCBuildConfiguration;
			buildSettings = {
				CODE_SIGN_STYLE = Automatic;
				DEVELOPMENT_TEAM = JH28QR844Q;
				PRODUCT_NAME = "$(TARGET_NAME)";
			};
			name = Release;
		};
		52D2C715213585400039614E /* Debug */ = {
			isa = XCBuildConfiguration;
			buildSettings = {
				CODE_SIGN_STYLE = Automatic;
				DEVELOPMENT_TEAM = JH28QR844Q;
				PRODUCT_NAME = "$(TARGET_NAME)";
			};
			name = Debug;
		};
		52D2C716213585400039614E /* Release */ = {
			isa = XCBuildConfiguration;
			buildSettings = {
				CODE_SIGN_STYLE = Automatic;
				DEVELOPMENT_TEAM = JH28QR844Q;
				PRODUCT_NAME = "$(TARGET_NAME)";
			};
			name = Release;
		};
		52D2C720213587880039614E /* Debug */ = {
			isa = XCBuildConfiguration;
			buildSettings = {
				CODE_SIGN_STYLE = Automatic;
				DEVELOPMENT_TEAM = JH28QR844Q;
				PRODUCT_NAME = "$(TARGET_NAME)";
			};
			name = Debug;
		};
		52D2C721213587880039614E /* Release */ = {
			isa = XCBuildConfiguration;
			buildSettings = {
				CODE_SIGN_STYLE = Automatic;
				DEVELOPMENT_TEAM = JH28QR844Q;
				PRODUCT_NAME = "$(TARGET_NAME)";
			};
			name = Release;
		};
		52D2C72C21358A910039614E /* Debug */ = {
			isa = XCBuildConfiguration;
			buildSettings = {
				CODE_SIGN_STYLE = Automatic;
				DEVELOPMENT_TEAM = JH28QR844Q;
				PRODUCT_NAME = "$(TARGET_NAME)";
			};
			name = Debug;
		};
		52D2C72D21358A910039614E /* Release */ = {
			isa = XCBuildConfiguration;
			buildSettings = {
				CODE_SIGN_STYLE = Automatic;
				DEVELOPMENT_TEAM = JH28QR844Q;
				PRODUCT_NAME = "$(TARGET_NAME)";
			};
			name = Release;
		};
		52D2C7362136F4EA0039614E /* Debug */ = {
			isa = XCBuildConfiguration;
			buildSettings = {
				CODE_SIGN_STYLE = Automatic;
				DEVELOPMENT_TEAM = JH28QR844Q;
				PRODUCT_NAME = "$(TARGET_NAME)";
			};
			name = Debug;
		};
		52D2C7372136F4EA0039614E /* Release */ = {
			isa = XCBuildConfiguration;
			buildSettings = {
				CODE_SIGN_STYLE = Automatic;
				DEVELOPMENT_TEAM = JH28QR844Q;
				PRODUCT_NAME = "$(TARGET_NAME)";
			};
			name = Release;
		};
		52D2C7422136FCAD0039614E /* Debug */ = {
			isa = XCBuildConfiguration;
			buildSettings = {
				CODE_SIGN_STYLE = Automatic;
				DEVELOPMENT_TEAM = JH28QR844Q;
				PRODUCT_NAME = "$(TARGET_NAME)";
			};
			name = Debug;
		};
		52D2C7432136FCAD0039614E /* Release */ = {
			isa = XCBuildConfiguration;
			buildSettings = {
				CODE_SIGN_STYLE = Automatic;
				DEVELOPMENT_TEAM = JH28QR844Q;
				PRODUCT_NAME = "$(TARGET_NAME)";
			};
			name = Release;
		};
		52EBFC04212D97C200F76B10 /* Debug */ = {
			isa = XCBuildConfiguration;
			buildSettings = {
				CODE_SIGN_STYLE = Automatic;
				DEVELOPMENT_TEAM = JH28QR844Q;
				PRODUCT_NAME = "$(TARGET_NAME)";
			};
			name = Debug;
		};
		52EBFC05212D97C200F76B10 /* Release */ = {
			isa = XCBuildConfiguration;
			buildSettings = {
				CODE_SIGN_STYLE = Automatic;
				DEVELOPMENT_TEAM = JH28QR844Q;
				PRODUCT_NAME = "$(TARGET_NAME)";
			};
			name = Release;
		};
		52EBFC10212DA0B000F76B10 /* Debug */ = {
			isa = XCBuildConfiguration;
			buildSettings = {
				CODE_SIGN_STYLE = Automatic;
				DEVELOPMENT_TEAM = JH28QR844Q;
				PRODUCT_NAME = "$(TARGET_NAME)";
			};
			name = Debug;
		};
		52EBFC11212DA0B000F76B10 /* Release */ = {
			isa = XCBuildConfiguration;
			buildSettings = {
				CODE_SIGN_STYLE = Automatic;
				DEVELOPMENT_TEAM = JH28QR844Q;
				PRODUCT_NAME = "$(TARGET_NAME)";
			};
			name = Release;
		};
		52EBFC1B212DA55700F76B10 /* Debug */ = {
			isa = XCBuildConfiguration;
			buildSettings = {
				CODE_SIGN_STYLE = Automatic;
				DEVELOPMENT_TEAM = JH28QR844Q;
				PRODUCT_NAME = "$(TARGET_NAME)";
			};
			name = Debug;
		};
		52EBFC1C212DA55700F76B10 /* Release */ = {
			isa = XCBuildConfiguration;
			buildSettings = {
				CODE_SIGN_STYLE = Automatic;
				DEVELOPMENT_TEAM = JH28QR844Q;
				PRODUCT_NAME = "$(TARGET_NAME)";
			};
			name = Release;
		};
		52FF3E732125CB4E0008E68A /* Debug */ = {
			isa = XCBuildConfiguration;
			buildSettings = {
				CODE_SIGN_STYLE = Automatic;
				DEVELOPMENT_TEAM = JH28QR844Q;
				PRODUCT_NAME = "$(TARGET_NAME)";
			};
			name = Debug;
		};
		52FF3E742125CB4E0008E68A /* Release */ = {
			isa = XCBuildConfiguration;
			buildSettings = {
				CODE_SIGN_STYLE = Automatic;
				DEVELOPMENT_TEAM = JH28QR844Q;
				PRODUCT_NAME = "$(TARGET_NAME)";
			};
			name = Release;
		};
		52FF3E7F2125D8E30008E68A /* Debug */ = {
			isa = XCBuildConfiguration;
			buildSettings = {
				CODE_SIGN_STYLE = Automatic;
				DEVELOPMENT_TEAM = JH28QR844Q;
				PRODUCT_NAME = "$(TARGET_NAME)";
			};
			name = Debug;
		};
		52FF3E802125D8E30008E68A /* Release */ = {
			isa = XCBuildConfiguration;
			buildSettings = {
				CODE_SIGN_STYLE = Automatic;
				DEVELOPMENT_TEAM = JH28QR844Q;
				PRODUCT_NAME = "$(TARGET_NAME)";
			};
			name = Release;
		};
		52FF3E8A2125DDF40008E68A /* Debug */ = {
			isa = XCBuildConfiguration;
			buildSettings = {
				CODE_SIGN_STYLE = Automatic;
				DEVELOPMENT_TEAM = JH28QR844Q;
				PRODUCT_NAME = "$(TARGET_NAME)";
			};
			name = Debug;
		};
		52FF3E8B2125DDF40008E68A /* Release */ = {
			isa = XCBuildConfiguration;
			buildSettings = {
				CODE_SIGN_STYLE = Automatic;
				DEVELOPMENT_TEAM = JH28QR844Q;
				PRODUCT_NAME = "$(TARGET_NAME)";
			};
			name = Release;
		};
/* End XCBuildConfiguration section */

/* Begin XCConfigurationList section */
		524871862123194800076ACD /* Build configuration list for PBXNativeTarget "002_IoStream" */ = {
			isa = XCConfigurationList;
			buildConfigurations = (
				524871842123194800076ACD /* Debug */,
				524871852123194800076ACD /* Release */,
			);
			defaultConfigurationIsVisible = 0;
			defaultConfigurationName = Release;
		};
		5248718F2123216E00076ACD /* Build configuration list for PBXNativeTarget "003_While" */ = {
			isa = XCConfigurationList;
			buildConfigurations = (
				524871902123216E00076ACD /* Debug */,
				524871912123216E00076ACD /* Release */,
			);
			defaultConfigurationIsVisible = 0;
			defaultConfigurationName = Release;
		};
		5248719A2123230B00076ACD /* Build configuration list for PBXNativeTarget "004_For" */ = {
			isa = XCConfigurationList;
			buildConfigurations = (
				5248719B2123230B00076ACD /* Debug */,
				5248719C2123230B00076ACD /* Release */,
			);
			defaultConfigurationIsVisible = 0;
			defaultConfigurationName = Release;
		};
		524871A52123285000076ACD /* Build configuration list for PBXNativeTarget "005_If" */ = {
			isa = XCConfigurationList;
			buildConfigurations = (
				524871A62123285000076ACD /* Debug */,
				524871A72123285000076ACD /* Release */,
			);
			defaultConfigurationIsVisible = 0;
			defaultConfigurationName = Release;
		};
		524871B021232FD300076ACD /* Build configuration list for PBXNativeTarget "006_Pointer" */ = {
			isa = XCConfigurationList;
			buildConfigurations = (
				524871B121232FD300076ACD /* Debug */,
				524871B221232FD300076ACD /* Release */,
			);
			defaultConfigurationIsVisible = 0;
			defaultConfigurationName = Release;
		};
		524871BB2123325600076ACD /* Build configuration list for PBXNativeTarget "007_Const" */ = {
			isa = XCConfigurationList;
			buildConfigurations = (
				524871BC2123325600076ACD /* Debug */,
				524871BD2123325600076ACD /* Release */,
			);
			defaultConfigurationIsVisible = 0;
			defaultConfigurationName = Release;
		};
		524871C62123358C00076ACD /* Build configuration list for PBXNativeTarget "008——object 008_object 008_Object" */ = {
			isa = XCConfigurationList;
			buildConfigurations = (
				524871C72123358C00076ACD /* Debug */,
				524871C82123358C00076ACD /* Release */,
			);
			defaultConfigurationIsVisible = 0;
			defaultConfigurationName = Release;
		};
		524871D1212335C700076ACD /* Build configuration list for PBXNativeTarget "008_Object" */ = {
			isa = XCConfigurationList;
			buildConfigurations = (
				524871D2212335C700076ACD /* Debug */,
				524871D3212335C700076ACD /* Release */,
			);
			defaultConfigurationIsVisible = 0;
			defaultConfigurationName = Release;
		};
		524871DC2123399300076ACD /* Build configuration list for PBXNativeTarget "009_NameSpace" */ = {
			isa = XCConfigurationList;
			buildConfigurations = (
				524871DD2123399300076ACD /* Debug */,
				524871DE2123399300076ACD /* Release */,
			);
			defaultConfigurationIsVisible = 0;
			defaultConfigurationName = Release;
		};
		52C0EE00211B40EC00B41490 /* Build configuration list for PBXProject "C_Primer" */ = {
			isa = XCConfigurationList;
			buildConfigurations = (
				52C0EE0A211B40EC00B41490 /* Debug */,
				52C0EE0B211B40EC00B41490 /* Release */,
			);
			defaultConfigurationIsVisible = 0;
			defaultConfigurationName = Release;
		};
		52C0EE0C211B40EC00B41490 /* Build configuration list for PBXNativeTarget "001_HelloWork" */ = {
			isa = XCConfigurationList;
			buildConfigurations = (
				52C0EE0D211B40EC00B41490 /* Debug */,
				52C0EE0E211B40EC00B41490 /* Release */,
			);
			defaultConfigurationIsVisible = 0;
			defaultConfigurationName = Release;
		};
		52D2C6EA213577BD0039614E /* Build configuration list for PBXNativeTarget "016_While" */ = {
			isa = XCConfigurationList;
			buildConfigurations = (
				52D2C6E8213577BD0039614E /* Debug */,
				52D2C6E9213577BD0039614E /* Release */,
			);
			defaultConfigurationIsVisible = 0;
			defaultConfigurationName = Release;
		};
		52D2C6F321357B4C0039614E /* Build configuration list for PBXNativeTarget "017_Switch" */ = {
			isa = XCConfigurationList;
			buildConfigurations = (
				52D2C6F421357B4C0039614E /* Debug */,
				52D2C6F521357B4C0039614E /* Release */,
			);
			defaultConfigurationIsVisible = 0;
			defaultConfigurationName = Release;
		};
		52D2C6FE21357C870039614E /* Build configuration list for PBXNativeTarget "018_DoWhile" */ = {
			isa = XCConfigurationList;
			buildConfigurations = (
				52D2C6FF21357C870039614E /* Debug */,
				52D2C70021357C870039614E /* Release */,
			);
			defaultConfigurationIsVisible = 0;
			defaultConfigurationName = Release;
		};
		52D2C70921357ECB0039614E /* Build configuration list for PBXNativeTarget "019_FuncBase" */ = {
			isa = XCConfigurationList;
			buildConfigurations = (
				52D2C70A21357ECB0039614E /* Debug */,
				52D2C70B21357ECB0039614E /* Release */,
			);
			defaultConfigurationIsVisible = 0;
			defaultConfigurationName = Release;
		};
		52D2C714213585400039614E /* Build configuration list for PBXNativeTarget "020_LocalStaticObjects" */ = {
			isa = XCConfigurationList;
			buildConfigurations = (
				52D2C715213585400039614E /* Debug */,
				52D2C716213585400039614E /* Release */,
			);
			defaultConfigurationIsVisible = 0;
			defaultConfigurationName = Release;
		};
		52D2C71F213587880039614E /* Build configuration list for PBXNativeTarget "021_EparateCompilation" */ = {
			isa = XCConfigurationList;
			buildConfigurations = (
				52D2C720213587880039614E /* Debug */,
				52D2C721213587880039614E /* Release */,
			);
			defaultConfigurationIsVisible = 0;
			defaultConfigurationName = Release;
		};
		52D2C72B21358A910039614E /* Build configuration list for PBXNativeTarget "022_PassByValueParameter" */ = {
			isa = XCConfigurationList;
			buildConfigurations = (
				52D2C72C21358A910039614E /* Debug */,
				52D2C72D21358A910039614E /* Release */,
			);
			defaultConfigurationIsVisible = 0;
			defaultConfigurationName = Release;
		};
		52D2C7382136F4EA0039614E /* Build configuration list for PBXNativeTarget "023_ReferenceParameter" */ = {
			isa = XCConfigurationList;
			buildConfigurations = (
				52D2C7362136F4EA0039614E /* Debug */,
				52D2C7372136F4EA0039614E /* Release */,
			);
			defaultConfigurationIsVisible = 0;
			defaultConfigurationName = Release;
		};
		52D2C7412136FCAD0039614E /* Build configuration list for PBXNativeTarget "024_Const(XingCanShiCan)" */ = {
			isa = XCConfigurationList;
			buildConfigurations = (
				52D2C7422136FCAD0039614E /* Debug */,
				52D2C7432136FCAD0039614E /* Release */,
			);
			defaultConfigurationIsVisible = 0;
			defaultConfigurationName = Release;
		};
		52EBFC06212D97C200F76B10 /* Build configuration list for PBXNativeTarget "013_Array" */ = {
			isa = XCConfigurationList;
			buildConfigurations = (
				52EBFC04212D97C200F76B10 /* Debug */,
				52EBFC05212D97C200F76B10 /* Release */,
			);
			defaultConfigurationIsVisible = 0;
			defaultConfigurationName = Release;
		};
		52EBFC0F212DA0B000F76B10 /* Build configuration list for PBXNativeTarget "014_CString" */ = {
			isa = XCConfigurationList;
			buildConfigurations = (
				52EBFC10212DA0B000F76B10 /* Debug */,
				52EBFC11212DA0B000F76B10 /* Release */,
			);
			defaultConfigurationIsVisible = 0;
			defaultConfigurationName = Release;
		};
		52EBFC1A212DA55700F76B10 /* Build configuration list for PBXNativeTarget "015_MultidimensionalArray" */ = {
			isa = XCConfigurationList;
			buildConfigurations = (
				52EBFC1B212DA55700F76B10 /* Debug */,
				52EBFC1C212DA55700F76B10 /* Release */,
			);
			defaultConfigurationIsVisible = 0;
			defaultConfigurationName = Release;
		};
		52FF3E752125CB4E0008E68A /* Build configuration list for PBXNativeTarget "010_StdlibString" */ = {
			isa = XCConfigurationList;
			buildConfigurations = (
				52FF3E732125CB4E0008E68A /* Debug */,
				52FF3E742125CB4E0008E68A /* Release */,
			);
			defaultConfigurationIsVisible = 0;
			defaultConfigurationName = Release;
		};
		52FF3E7E2125D8E30008E68A /* Build configuration list for PBXNativeTarget "011_StdlibVector" */ = {
			isa = XCConfigurationList;
			buildConfigurations = (
				52FF3E7F2125D8E30008E68A /* Debug */,
				52FF3E802125D8E30008E68A /* Release */,
			);
			defaultConfigurationIsVisible = 0;
			defaultConfigurationName = Release;
		};
		52FF3E892125DDF40008E68A /* Build configuration list for PBXNativeTarget "012_IteratorIntroduce" */ = {
			isa = XCConfigurationList;
			buildConfigurations = (
				52FF3E8A2125DDF40008E68A /* Debug */,
				52FF3E8B2125DDF40008E68A /* Release */,
			);
			defaultConfigurationIsVisible = 0;
			defaultConfigurationName = Release;
		};
/* End XCConfigurationList section */
	};
	rootObject = 52C0EDFD211B40EC00B41490 /* Project object */;
}
